// !$*UTF8*$!
{
	archiveVersion = 1;
	classes = {
	};
	objectVersion = 56;
	objects = {

/* Begin PBXBuildFile section */
		D0020BEF2ADBC04B004AD98B /* ObstacleBoxModel.swift in Sources */ = {isa = PBXBuildFile; fileRef = D0020BEE2ADBC04B004AD98B /* ObstacleBoxModel.swift */; };
		D00898262AF6447100B1642E /* AdMobResources.swift in Sources */ = {isa = PBXBuildFile; fileRef = D00898252AF6447100B1642E /* AdMobResources.swift */; };
		D05564E72AAD8327006A6F72 /* Direction.swift in Sources */ = {isa = PBXBuildFile; fileRef = D05564E62AAD8327006A6F72 /* Direction.swift */; };
		D05564EA2AAD9B65006A6F72 /* GameSaverUserDefaultDTO.swift in Sources */ = {isa = PBXBuildFile; fileRef = D05564E92AAD9B65006A6F72 /* GameSaverUserDefaultDTO.swift */; };
		D072220E2AF78AAC00684B26 /* PuzzleBoxModelActionProtocol.swift in Sources */ = {isa = PBXBuildFile; fileRef = D072220D2AF78AAC00684B26 /* PuzzleBoxModelActionProtocol.swift */; };
		D07222102AF78ABE00684B26 /* GameScreenModelActionProtocol.swift in Sources */ = {isa = PBXBuildFile; fileRef = D072220F2AF78ABE00684B26 /* GameScreenModelActionProtocol.swift */; };
		D07222122AF78ACD00684B26 /* MainScreenModelActionProtocol.swift in Sources */ = {isa = PBXBuildFile; fileRef = D07222112AF78ACD00684B26 /* MainScreenModelActionProtocol.swift */; };
		D072221B2AF7934400684B26 /* BoxSwipeAvailableCheckUseCase.swift in Sources */ = {isa = PBXBuildFile; fileRef = D072221A2AF7934400684B26 /* BoxSwipeAvailableCheckUseCase.swift */; };
		D072221D2AF7947E00684B26 /* PuzzleBoxMoveUseCase.swift in Sources */ = {isa = PBXBuildFile; fileRef = D072221C2AF7947E00684B26 /* PuzzleBoxMoveUseCase.swift */; };
		D072221F2AF795A600684B26 /* ScoreModel.swift in Sources */ = {isa = PBXBuildFile; fileRef = D072221E2AF795A600684B26 /* ScoreModel.swift */; };
		D07222242AF79E6D00684B26 /* PuzzleBoxMap.swift in Sources */ = {isa = PBXBuildFile; fileRef = D07222232AF79E6D00684B26 /* PuzzleBoxMap.swift */; };
		D07222262AF7A71A00684B26 /* PuzzleBoxMergeUseCase.swift in Sources */ = {isa = PBXBuildFile; fileRef = D07222252AF7A71A00684B26 /* PuzzleBoxMergeUseCase.swift */; };
		D0AFF70F2AA432D300F800AE /* game2048App.swift in Sources */ = {isa = PBXBuildFile; fileRef = D0AFF70E2AA432D300F800AE /* game2048App.swift */; };
		D0AFF7112AA432D300F800AE /* ContentView.swift in Sources */ = {isa = PBXBuildFile; fileRef = D0AFF7102AA432D300F800AE /* ContentView.swift */; };
		D0AFF7132AA432D400F800AE /* Assets.xcassets in Resources */ = {isa = PBXBuildFile; fileRef = D0AFF7122AA432D400F800AE /* Assets.xcassets */; };
		D0AFF7172AA432D400F800AE /* Preview Assets.xcassets in Resources */ = {isa = PBXBuildFile; fileRef = D0AFF7162AA432D400F800AE /* Preview Assets.xcassets */; };
		D0AFF7212AA432D400F800AE /* game2048Tests.swift in Sources */ = {isa = PBXBuildFile; fileRef = D0AFF7202AA432D400F800AE /* game2048Tests.swift */; };
		D0AFF72B2AA432D400F800AE /* game2048UITests.swift in Sources */ = {isa = PBXBuildFile; fileRef = D0AFF72A2AA432D400F800AE /* game2048UITests.swift */; };
		D0AFF72D2AA432D400F800AE /* game2048UITestsLaunchTests.swift in Sources */ = {isa = PBXBuildFile; fileRef = D0AFF72C2AA432D400F800AE /* game2048UITestsLaunchTests.swift */; };
		D0AFF7412AA433EA00F800AE /* MainScreen.swift in Sources */ = {isa = PBXBuildFile; fileRef = D0AFF7402AA433EA00F800AE /* MainScreen.swift */; };
		D0AFF7442AA4374800F800AE /* MVIContainer.swift in Sources */ = {isa = PBXBuildFile; fileRef = D0AFF7432AA4374800F800AE /* MVIContainer.swift */; };
		D0AFF7462AA437A700F800AE /* MainScreenIntent.swift in Sources */ = {isa = PBXBuildFile; fileRef = D0AFF7452AA437A700F800AE /* MainScreenIntent.swift */; };
		D0AFF7482AA437BD00F800AE /* MainScreenModel.swift in Sources */ = {isa = PBXBuildFile; fileRef = D0AFF7472AA437BD00F800AE /* MainScreenModel.swift */; };
		D0AFF74A2AA4382D00F800AE /* MainScreenIntentProtocol.swift in Sources */ = {isa = PBXBuildFile; fileRef = D0AFF7492AA4382D00F800AE /* MainScreenIntentProtocol.swift */; };
		D0AFF74D2AA4385A00F800AE /* MainScreenModelStateProtocol.swift in Sources */ = {isa = PBXBuildFile; fileRef = D0AFF74C2AA4385A00F800AE /* MainScreenModelStateProtocol.swift */; };
		D0AFF74F2AA4389E00F800AE /* GameModeEnum.swift in Sources */ = {isa = PBXBuildFile; fileRef = D0AFF74E2AA4389E00F800AE /* GameModeEnum.swift */; };
		D0AFF7522AA43B5C00F800AE /* GameModeEnum_정상작동테스트.swift in Sources */ = {isa = PBXBuildFile; fileRef = D0AFF7512AA43B5C00F800AE /* GameModeEnum_정상작동테스트.swift */; };
		D0AFF7572AA4422800F800AE /* ColorExtension.swift in Sources */ = {isa = PBXBuildFile; fileRef = D0AFF7562AA4422800F800AE /* ColorExtension.swift */; };
		D0AFF75B2AA442CD00F800AE /* ViewResources.swift in Sources */ = {isa = PBXBuildFile; fileRef = D0AFF75A2AA442CD00F800AE /* ViewResources.swift */; };
		D0AFF7652AA4578E00F800AE /* NavigationManager.swift in Sources */ = {isa = PBXBuildFile; fileRef = D0AFF7642AA4578E00F800AE /* NavigationManager.swift */; };
		D0AFF76E2AA4590B00F800AE /* GameScreen.swift in Sources */ = {isa = PBXBuildFile; fileRef = D0AFF76D2AA4590B00F800AE /* GameScreen.swift */; };
		D0AFF7712AA45FAA00F800AE /* GameScreenModel.swift in Sources */ = {isa = PBXBuildFile; fileRef = D0AFF7702AA45FAA00F800AE /* GameScreenModel.swift */; };
		D0AFF7732AA45FB800F800AE /* GameScreenIntent.swift in Sources */ = {isa = PBXBuildFile; fileRef = D0AFF7722AA45FB800F800AE /* GameScreenIntent.swift */; };
		D0AFF7752AA45FEE00F800AE /* GameScreenIntentProtocol.swift in Sources */ = {isa = PBXBuildFile; fileRef = D0AFF7742AA45FEE00F800AE /* GameScreenIntentProtocol.swift */; };
		D0AFF7772AA45FFE00F800AE /* GameScreenModelStateProtocol.swift in Sources */ = {isa = PBXBuildFile; fileRef = D0AFF7762AA45FFE00F800AE /* GameScreenModelStateProtocol.swift */; };
		D0AFF77D2AA464B200F800AE /* PuzzleBoxModel.swift in Sources */ = {isa = PBXBuildFile; fileRef = D0AFF77C2AA464B200F800AE /* PuzzleBoxModel.swift */; };
		D0AFF77F2AA4652300F800AE /* PuzzleBoxModelStateProtocol.swift in Sources */ = {isa = PBXBuildFile; fileRef = D0AFF77E2AA4652300F800AE /* PuzzleBoxModelStateProtocol.swift */; };
		D0AFF7822AA469AD00F800AE /* PuzzleBoxModel_정상작동테스트.swift in Sources */ = {isa = PBXBuildFile; fileRef = D0AFF7812AA469AD00F800AE /* PuzzleBoxModel_정상작동테스트.swift */; };
		D0AFF7842AA46D8100F800AE /* PuzzleBoxView.swift in Sources */ = {isa = PBXBuildFile; fileRef = D0AFF7832AA46D8100F800AE /* PuzzleBoxView.swift */; };
		D0AFF7862AA4799300F800AE /* GameScreenModel_정상작동테스트.swift in Sources */ = {isa = PBXBuildFile; fileRef = D0AFF7852AA4799300F800AE /* GameScreenModel_정상작동테스트.swift */; };
		D0B384992AB6D81A00CC1DA0 /* GamePhaseEnum.swift in Sources */ = {isa = PBXBuildFile; fileRef = D0B384982AB6D81A00CC1DA0 /* GamePhaseEnum.swift */; };
		D0B829232AC958E700588EDF /* AppStoreReviewManager.swift in Sources */ = {isa = PBXBuildFile; fileRef = D0B829222AC958E700588EDF /* AppStoreReviewManager.swift */; };
		D0F0887A2ADD76090066C3D2 /* ObstacleModeGameScreenModel.swift in Sources */ = {isa = PBXBuildFile; fileRef = D0F088792ADD76090066C3D2 /* ObstacleModeGameScreenModel.swift */; };
		D0F0887C2ADD77CB0066C3D2 /* ObstacleModeGameScreenIntent.swift in Sources */ = {isa = PBXBuildFile; fileRef = D0F0887B2ADD77CB0066C3D2 /* ObstacleModeGameScreenIntent.swift */; };
		D0F3ADFC2ABED09E00CA76B2 /* 4X4.png in Resources */ = {isa = PBXBuildFile; fileRef = D0F3ADF72ABED09E00CA76B2 /* 4X4.png */; };
		D0F3ADFD2ABED09E00CA76B2 /* 5X5.png in Resources */ = {isa = PBXBuildFile; fileRef = D0F3ADF82ABED09E00CA76B2 /* 5X5.png */; };
		D0F3ADFE2ABED09E00CA76B2 /* 6X6.png in Resources */ = {isa = PBXBuildFile; fileRef = D0F3ADF92ABED09E00CA76B2 /* 6X6.png */; };
		D0F3ADFF2ABED09E00CA76B2 /* 3X3.png in Resources */ = {isa = PBXBuildFile; fileRef = D0F3ADFA2ABED09E00CA76B2 /* 3X3.png */; };
		D0F3AE002ABED09E00CA76B2 /* 8X8.png in Resources */ = {isa = PBXBuildFile; fileRef = D0F3ADFB2ABED09E00CA76B2 /* 8X8.png */; };
		D0F3AE032ABED24B00CA76B2 /* Localizable.strings in Resources */ = {isa = PBXBuildFile; fileRef = D0F3AE052ABED24B00CA76B2 /* Localizable.strings */; };
		D0F3AE0B2ABED37200CA76B2 /* StringExtensions.swift in Sources */ = {isa = PBXBuildFile; fileRef = D0F3AE0A2ABED37200CA76B2 /* StringExtensions.swift */; };
		D0F3AE0F2ABEE1B400CA76B2 /* GoogleMobileAds in Frameworks */ = {isa = PBXBuildFile; productRef = D0F3AE0E2ABEE1B400CA76B2 /* GoogleMobileAds */; settings = {ATTRIBUTES = (Required, ); }; };
/* End PBXBuildFile section */

/* Begin PBXContainerItemProxy section */
		D0AFF71D2AA432D400F800AE /* PBXContainerItemProxy */ = {
			isa = PBXContainerItemProxy;
			containerPortal = D0AFF7032AA432D300F800AE /* Project object */;
			proxyType = 1;
			remoteGlobalIDString = D0AFF70A2AA432D300F800AE;
			remoteInfo = game2048;
		};
		D0AFF7272AA432D400F800AE /* PBXContainerItemProxy */ = {
			isa = PBXContainerItemProxy;
			containerPortal = D0AFF7032AA432D300F800AE /* Project object */;
			proxyType = 1;
			remoteGlobalIDString = D0AFF70A2AA432D300F800AE;
			remoteInfo = game2048;
		};
/* End PBXContainerItemProxy section */

/* Begin PBXFileReference section */
		D0020BEE2ADBC04B004AD98B /* ObstacleBoxModel.swift */ = {isa = PBXFileReference; lastKnownFileType = sourcecode.swift; path = ObstacleBoxModel.swift; sourceTree = "<group>"; };
		D00898252AF6447100B1642E /* AdMobResources.swift */ = {isa = PBXFileReference; lastKnownFileType = sourcecode.swift; path = AdMobResources.swift; sourceTree = "<group>"; };
		D05564E62AAD8327006A6F72 /* Direction.swift */ = {isa = PBXFileReference; lastKnownFileType = sourcecode.swift; path = Direction.swift; sourceTree = "<group>"; };
		D05564E92AAD9B65006A6F72 /* GameSaverUserDefaultDTO.swift */ = {isa = PBXFileReference; lastKnownFileType = sourcecode.swift; path = GameSaverUserDefaultDTO.swift; sourceTree = "<group>"; };
		D072220D2AF78AAC00684B26 /* PuzzleBoxModelActionProtocol.swift */ = {isa = PBXFileReference; lastKnownFileType = sourcecode.swift; path = PuzzleBoxModelActionProtocol.swift; sourceTree = "<group>"; };
		D072220F2AF78ABE00684B26 /* GameScreenModelActionProtocol.swift */ = {isa = PBXFileReference; lastKnownFileType = sourcecode.swift; path = GameScreenModelActionProtocol.swift; sourceTree = "<group>"; };
		D07222112AF78ACD00684B26 /* MainScreenModelActionProtocol.swift */ = {isa = PBXFileReference; lastKnownFileType = sourcecode.swift; path = MainScreenModelActionProtocol.swift; sourceTree = "<group>"; };
		D072221A2AF7934400684B26 /* BoxSwipeAvailableCheckUseCase.swift */ = {isa = PBXFileReference; lastKnownFileType = sourcecode.swift; path = BoxSwipeAvailableCheckUseCase.swift; sourceTree = "<group>"; };
		D072221C2AF7947E00684B26 /* PuzzleBoxMoveUseCase.swift */ = {isa = PBXFileReference; lastKnownFileType = sourcecode.swift; path = PuzzleBoxMoveUseCase.swift; sourceTree = "<group>"; };
		D072221E2AF795A600684B26 /* ScoreModel.swift */ = {isa = PBXFileReference; lastKnownFileType = sourcecode.swift; path = ScoreModel.swift; sourceTree = "<group>"; };
		D07222232AF79E6D00684B26 /* PuzzleBoxMap.swift */ = {isa = PBXFileReference; lastKnownFileType = sourcecode.swift; path = PuzzleBoxMap.swift; sourceTree = "<group>"; };
		D07222252AF7A71A00684B26 /* PuzzleBoxMergeUseCase.swift */ = {isa = PBXFileReference; lastKnownFileType = sourcecode.swift; path = PuzzleBoxMergeUseCase.swift; sourceTree = "<group>"; };
		D0AFF70B2AA432D300F800AE /* game2048.app */ = {isa = PBXFileReference; explicitFileType = wrapper.application; includeInIndex = 0; path = game2048.app; sourceTree = BUILT_PRODUCTS_DIR; };
		D0AFF70E2AA432D300F800AE /* game2048App.swift */ = {isa = PBXFileReference; lastKnownFileType = sourcecode.swift; path = game2048App.swift; sourceTree = "<group>"; };
		D0AFF7102AA432D300F800AE /* ContentView.swift */ = {isa = PBXFileReference; lastKnownFileType = sourcecode.swift; path = ContentView.swift; sourceTree = "<group>"; };
		D0AFF7122AA432D400F800AE /* Assets.xcassets */ = {isa = PBXFileReference; lastKnownFileType = folder.assetcatalog; path = Assets.xcassets; sourceTree = "<group>"; };
		D0AFF7142AA432D400F800AE /* game2048.entitlements */ = {isa = PBXFileReference; lastKnownFileType = text.plist.entitlements; path = game2048.entitlements; sourceTree = "<group>"; };
		D0AFF7162AA432D400F800AE /* Preview Assets.xcassets */ = {isa = PBXFileReference; lastKnownFileType = folder.assetcatalog; path = "Preview Assets.xcassets"; sourceTree = "<group>"; };
		D0AFF71C2AA432D400F800AE /* game2048Tests.xctest */ = {isa = PBXFileReference; explicitFileType = wrapper.cfbundle; includeInIndex = 0; path = game2048Tests.xctest; sourceTree = BUILT_PRODUCTS_DIR; };
		D0AFF7202AA432D400F800AE /* game2048Tests.swift */ = {isa = PBXFileReference; lastKnownFileType = sourcecode.swift; path = game2048Tests.swift; sourceTree = "<group>"; };
		D0AFF7262AA432D400F800AE /* game2048UITests.xctest */ = {isa = PBXFileReference; explicitFileType = wrapper.cfbundle; includeInIndex = 0; path = game2048UITests.xctest; sourceTree = BUILT_PRODUCTS_DIR; };
		D0AFF72A2AA432D400F800AE /* game2048UITests.swift */ = {isa = PBXFileReference; lastKnownFileType = sourcecode.swift; path = game2048UITests.swift; sourceTree = "<group>"; };
		D0AFF72C2AA432D400F800AE /* game2048UITestsLaunchTests.swift */ = {isa = PBXFileReference; lastKnownFileType = sourcecode.swift; path = game2048UITestsLaunchTests.swift; sourceTree = "<group>"; };
		D0AFF7402AA433EA00F800AE /* MainScreen.swift */ = {isa = PBXFileReference; lastKnownFileType = sourcecode.swift; path = MainScreen.swift; sourceTree = "<group>"; };
		D0AFF7432AA4374800F800AE /* MVIContainer.swift */ = {isa = PBXFileReference; lastKnownFileType = sourcecode.swift; path = MVIContainer.swift; sourceTree = "<group>"; };
		D0AFF7452AA437A700F800AE /* MainScreenIntent.swift */ = {isa = PBXFileReference; lastKnownFileType = sourcecode.swift; path = MainScreenIntent.swift; sourceTree = "<group>"; };
		D0AFF7472AA437BD00F800AE /* MainScreenModel.swift */ = {isa = PBXFileReference; lastKnownFileType = sourcecode.swift; path = MainScreenModel.swift; sourceTree = "<group>"; };
		D0AFF7492AA4382D00F800AE /* MainScreenIntentProtocol.swift */ = {isa = PBXFileReference; lastKnownFileType = sourcecode.swift; path = MainScreenIntentProtocol.swift; sourceTree = "<group>"; };
		D0AFF74C2AA4385A00F800AE /* MainScreenModelStateProtocol.swift */ = {isa = PBXFileReference; lastKnownFileType = sourcecode.swift; path = MainScreenModelStateProtocol.swift; sourceTree = "<group>"; };
		D0AFF74E2AA4389E00F800AE /* GameModeEnum.swift */ = {isa = PBXFileReference; lastKnownFileType = sourcecode.swift; path = GameModeEnum.swift; sourceTree = "<group>"; };
		D0AFF7512AA43B5C00F800AE /* GameModeEnum_정상작동테스트.swift */ = {isa = PBXFileReference; lastKnownFileType = sourcecode.swift; path = "GameModeEnum_정상작동테스트.swift"; sourceTree = "<group>"; };
		D0AFF7562AA4422800F800AE /* ColorExtension.swift */ = {isa = PBXFileReference; lastKnownFileType = sourcecode.swift; path = ColorExtension.swift; sourceTree = "<group>"; };
		D0AFF75A2AA442CD00F800AE /* ViewResources.swift */ = {isa = PBXFileReference; lastKnownFileType = sourcecode.swift; path = ViewResources.swift; sourceTree = "<group>"; };
		D0AFF7642AA4578E00F800AE /* NavigationManager.swift */ = {isa = PBXFileReference; lastKnownFileType = sourcecode.swift; path = NavigationManager.swift; sourceTree = "<group>"; };
		D0AFF76D2AA4590B00F800AE /* GameScreen.swift */ = {isa = PBXFileReference; lastKnownFileType = sourcecode.swift; path = GameScreen.swift; sourceTree = "<group>"; };
		D0AFF7702AA45FAA00F800AE /* GameScreenModel.swift */ = {isa = PBXFileReference; lastKnownFileType = sourcecode.swift; path = GameScreenModel.swift; sourceTree = "<group>"; };
		D0AFF7722AA45FB800F800AE /* GameScreenIntent.swift */ = {isa = PBXFileReference; lastKnownFileType = sourcecode.swift; path = GameScreenIntent.swift; sourceTree = "<group>"; };
		D0AFF7742AA45FEE00F800AE /* GameScreenIntentProtocol.swift */ = {isa = PBXFileReference; lastKnownFileType = sourcecode.swift; path = GameScreenIntentProtocol.swift; sourceTree = "<group>"; };
		D0AFF7762AA45FFE00F800AE /* GameScreenModelStateProtocol.swift */ = {isa = PBXFileReference; lastKnownFileType = sourcecode.swift; path = GameScreenModelStateProtocol.swift; sourceTree = "<group>"; };
		D0AFF77C2AA464B200F800AE /* PuzzleBoxModel.swift */ = {isa = PBXFileReference; lastKnownFileType = sourcecode.swift; path = PuzzleBoxModel.swift; sourceTree = "<group>"; };
		D0AFF77E2AA4652300F800AE /* PuzzleBoxModelStateProtocol.swift */ = {isa = PBXFileReference; lastKnownFileType = sourcecode.swift; path = PuzzleBoxModelStateProtocol.swift; sourceTree = "<group>"; };
		D0AFF7812AA469AD00F800AE /* PuzzleBoxModel_정상작동테스트.swift */ = {isa = PBXFileReference; lastKnownFileType = sourcecode.swift; path = "PuzzleBoxModel_정상작동테스트.swift"; sourceTree = "<group>"; };
		D0AFF7832AA46D8100F800AE /* PuzzleBoxView.swift */ = {isa = PBXFileReference; lastKnownFileType = sourcecode.swift; path = PuzzleBoxView.swift; sourceTree = "<group>"; };
		D0AFF7852AA4799300F800AE /* GameScreenModel_정상작동테스트.swift */ = {isa = PBXFileReference; lastKnownFileType = sourcecode.swift; path = "GameScreenModel_정상작동테스트.swift"; sourceTree = "<group>"; };
		D0B384982AB6D81A00CC1DA0 /* GamePhaseEnum.swift */ = {isa = PBXFileReference; lastKnownFileType = sourcecode.swift; path = GamePhaseEnum.swift; sourceTree = "<group>"; };
		D0B829222AC958E700588EDF /* AppStoreReviewManager.swift */ = {isa = PBXFileReference; lastKnownFileType = sourcecode.swift; path = AppStoreReviewManager.swift; sourceTree = "<group>"; };
		D0F088792ADD76090066C3D2 /* ObstacleModeGameScreenModel.swift */ = {isa = PBXFileReference; lastKnownFileType = sourcecode.swift; path = ObstacleModeGameScreenModel.swift; sourceTree = "<group>"; };
		D0F0887B2ADD77CB0066C3D2 /* ObstacleModeGameScreenIntent.swift */ = {isa = PBXFileReference; lastKnownFileType = sourcecode.swift; path = ObstacleModeGameScreenIntent.swift; sourceTree = "<group>"; };
		D0F3ADF72ABED09E00CA76B2 /* 4X4.png */ = {isa = PBXFileReference; lastKnownFileType = image.png; path = 4X4.png; sourceTree = "<group>"; };
		D0F3ADF82ABED09E00CA76B2 /* 5X5.png */ = {isa = PBXFileReference; lastKnownFileType = image.png; path = 5X5.png; sourceTree = "<group>"; };
		D0F3ADF92ABED09E00CA76B2 /* 6X6.png */ = {isa = PBXFileReference; lastKnownFileType = image.png; path = 6X6.png; sourceTree = "<group>"; };
		D0F3ADFA2ABED09E00CA76B2 /* 3X3.png */ = {isa = PBXFileReference; lastKnownFileType = image.png; path = 3X3.png; sourceTree = "<group>"; };
		D0F3ADFB2ABED09E00CA76B2 /* 8X8.png */ = {isa = PBXFileReference; lastKnownFileType = image.png; path = 8X8.png; sourceTree = "<group>"; };
		D0F3AE042ABED24B00CA76B2 /* en */ = {isa = PBXFileReference; lastKnownFileType = text.plist.strings; name = en; path = en.lproj/Localizable.strings; sourceTree = "<group>"; };
		D0F3AE062ABED27C00CA76B2 /* zh */ = {isa = PBXFileReference; lastKnownFileType = text.plist.strings; name = zh; path = zh.lproj/Localizable.strings; sourceTree = "<group>"; };
		D0F3AE072ABED2A200CA76B2 /* ko */ = {isa = PBXFileReference; lastKnownFileType = text.plist.strings; name = ko; path = ko.lproj/Localizable.strings; sourceTree = "<group>"; };
		D0F3AE082ABED2AB00CA76B2 /* ja */ = {isa = PBXFileReference; lastKnownFileType = text.plist.strings; name = ja; path = ja.lproj/Localizable.strings; sourceTree = "<group>"; };
		D0F3AE0A2ABED37200CA76B2 /* StringExtensions.swift */ = {isa = PBXFileReference; lastKnownFileType = sourcecode.swift; path = StringExtensions.swift; sourceTree = "<group>"; };
		D0F3AE0C2ABEDCA200CA76B2 /* Info.plist */ = {isa = PBXFileReference; lastKnownFileType = text.plist; path = Info.plist; sourceTree = "<group>"; };
/* End PBXFileReference section */

/* Begin PBXFrameworksBuildPhase section */
		D0AFF7082AA432D300F800AE /* Frameworks */ = {
			isa = PBXFrameworksBuildPhase;
			buildActionMask = 2147483647;
			files = (
				D0F3AE0F2ABEE1B400CA76B2 /* GoogleMobileAds in Frameworks */,
			);
			runOnlyForDeploymentPostprocessing = 0;
		};
		D0AFF7192AA432D400F800AE /* Frameworks */ = {
			isa = PBXFrameworksBuildPhase;
			buildActionMask = 2147483647;
			files = (
			);
			runOnlyForDeploymentPostprocessing = 0;
		};
		D0AFF7232AA432D400F800AE /* Frameworks */ = {
			isa = PBXFrameworksBuildPhase;
			buildActionMask = 2147483647;
			files = (
			);
			runOnlyForDeploymentPostprocessing = 0;
		};
/* End PBXFrameworksBuildPhase section */

/* Begin PBXGroup section */
		D07222052AF7898B00684B26 /* Domain */ = {
			isa = PBXGroup;
			children = (
				D07222202AF79BED00684B26 /* Model */,
				D07222192AF792E600684B26 /* UseCase */,
			);
			path = Domain;
			sourceTree = "<group>";
		};
		D07222062AF789BA00684B26 /* ui */ = {
			isa = PBXGroup;
			children = (
				D0AFF7402AA433EA00F800AE /* MainScreen.swift */,
				D0AFF76D2AA4590B00F800AE /* GameScreen.swift */,
				D0AFF7832AA46D8100F800AE /* PuzzleBoxView.swift */,
			);
			path = ui;
			sourceTree = "<group>";
		};
		D07222082AF789EA00684B26 /* State */ = {
			isa = PBXGroup;
			children = (
				D07222162AF78B8200684B26 /* enum */,
				D0AFF7472AA437BD00F800AE /* MainScreenModel.swift */,
				D0AFF7702AA45FAA00F800AE /* GameScreenModel.swift */,
				D0AFF77C2AA464B200F800AE /* PuzzleBoxModel.swift */,
				D0020BEE2ADBC04B004AD98B /* ObstacleBoxModel.swift */,
				D0F088792ADD76090066C3D2 /* ObstacleModeGameScreenModel.swift */,
				D072221E2AF795A600684B26 /* ScoreModel.swift */,
			);
			path = State;
			sourceTree = "<group>";
		};
		D072220A2AF78A2400684B26 /* intent_protocol */ = {
			isa = PBXGroup;
			children = (
				D0AFF7742AA45FEE00F800AE /* GameScreenIntentProtocol.swift */,
				D0AFF7492AA4382D00F800AE /* MainScreenIntentProtocol.swift */,
			);
			path = intent_protocol;
			sourceTree = "<group>";
		};
		D072220B2AF78A4800684B26 /* model_protocol */ = {
			isa = PBXGroup;
			children = (
				D0AFF77E2AA4652300F800AE /* PuzzleBoxModelStateProtocol.swift */,
				D0AFF7762AA45FFE00F800AE /* GameScreenModelStateProtocol.swift */,
				D0AFF74C2AA4385A00F800AE /* MainScreenModelStateProtocol.swift */,
			);
			path = model_protocol;
			sourceTree = "<group>";
		};
		D07222132AF78AEA00684B26 /* model_action_protocol */ = {
			isa = PBXGroup;
			children = (
				D072220D2AF78AAC00684B26 /* PuzzleBoxModelActionProtocol.swift */,
				D072220F2AF78ABE00684B26 /* GameScreenModelActionProtocol.swift */,
				D07222112AF78ACD00684B26 /* MainScreenModelActionProtocol.swift */,
			);
			path = model_action_protocol;
			sourceTree = "<group>";
		};
		D07222142AF78B0E00684B26 /* Data */ = {
			isa = PBXGroup;
			children = (
				D07222172AF78B9800684B26 /* userdefaults */,
			);
			path = Data;
			sourceTree = "<group>";
		};
		D07222152AF78B6E00684B26 /* state */ = {
			isa = PBXGroup;
			children = (
				D05564E62AAD8327006A6F72 /* Direction.swift */,
			);
			path = state;
			sourceTree = "<group>";
		};
		D07222162AF78B8200684B26 /* enum */ = {
			isa = PBXGroup;
			children = (
				D0AFF74E2AA4389E00F800AE /* GameModeEnum.swift */,
				D0B384982AB6D81A00CC1DA0 /* GamePhaseEnum.swift */,
			);
			path = enum;
			sourceTree = "<group>";
		};
		D07222172AF78B9800684B26 /* userdefaults */ = {
			isa = PBXGroup;
			children = (
				D05564E92AAD9B65006A6F72 /* GameSaverUserDefaultDTO.swift */,
			);
			path = userdefaults;
			sourceTree = "<group>";
		};
		D07222182AF78C0C00684B26 /* Intent */ = {
			isa = PBXGroup;
			children = (
				D0AFF7452AA437A700F800AE /* MainScreenIntent.swift */,
				D0AFF7722AA45FB800F800AE /* GameScreenIntent.swift */,
				D0F0887B2ADD77CB0066C3D2 /* ObstacleModeGameScreenIntent.swift */,
				D07222152AF78B6E00684B26 /* state */,
				D07222132AF78AEA00684B26 /* model_action_protocol */,
			);
			path = Intent;
			sourceTree = "<group>";
		};
		D07222192AF792E600684B26 /* UseCase */ = {
			isa = PBXGroup;
			children = (
				D072221A2AF7934400684B26 /* BoxSwipeAvailableCheckUseCase.swift */,
				D072221C2AF7947E00684B26 /* PuzzleBoxMoveUseCase.swift */,
				D07222252AF7A71A00684B26 /* PuzzleBoxMergeUseCase.swift */,
			);
			path = UseCase;
			sourceTree = "<group>";
		};
		D07222202AF79BED00684B26 /* Model */ = {
			isa = PBXGroup;
			children = (
				D07222232AF79E6D00684B26 /* PuzzleBoxMap.swift */,
			);
			path = Model;
			sourceTree = "<group>";
		};
		D0AFF7022AA432D300F800AE = {
			isa = PBXGroup;
			children = (
				D0AFF70D2AA432D300F800AE /* game2048 */,
				D0AFF71F2AA432D400F800AE /* game2048Tests */,
				D0AFF7292AA432D400F800AE /* game2048UITests */,
				D0AFF70C2AA432D300F800AE /* Products */,
				D0F3AE102ABEE44000CA76B2 /* Frameworks */,
			);
			sourceTree = "<group>";
		};
		D0AFF70C2AA432D300F800AE /* Products */ = {
			isa = PBXGroup;
			children = (
				D0AFF70B2AA432D300F800AE /* game2048.app */,
				D0AFF71C2AA432D400F800AE /* game2048Tests.xctest */,
				D0AFF7262AA432D400F800AE /* game2048UITests.xctest */,
			);
			name = Products;
			sourceTree = "<group>";
		};
		D0AFF70D2AA432D300F800AE /* game2048 */ = {
			isa = PBXGroup;
			children = (
				D0F3AE0C2ABEDCA200CA76B2 /* Info.plist */,
				D0AFF7542AA4420F00F800AE /* Resources */,
				D0AFF7532AA4420800F800AE /* App */,
				D0AFF7122AA432D400F800AE /* Assets.xcassets */,
				D0AFF7142AA432D400F800AE /* game2048.entitlements */,
				D0AFF7152AA432D400F800AE /* Preview Content */,
			);
			path = game2048;
			sourceTree = "<group>";
		};
		D0AFF7152AA432D400F800AE /* Preview Content */ = {
			isa = PBXGroup;
			children = (
				D0AFF7162AA432D400F800AE /* Preview Assets.xcassets */,
			);
			path = "Preview Content";
			sourceTree = "<group>";
		};
		D0AFF71F2AA432D400F800AE /* game2048Tests */ = {
			isa = PBXGroup;
			children = (
				D0AFF7802AA4699700F800AE /* Game */,
				D0AFF75C2AA445B100F800AE /* Main */,
				D0AFF7202AA432D400F800AE /* game2048Tests.swift */,
			);
			path = game2048Tests;
			sourceTree = "<group>";
		};
		D0AFF7292AA432D400F800AE /* game2048UITests */ = {
			isa = PBXGroup;
			children = (
				D0AFF72A2AA432D400F800AE /* game2048UITests.swift */,
				D0AFF72C2AA432D400F800AE /* game2048UITestsLaunchTests.swift */,
			);
			path = game2048UITests;
			sourceTree = "<group>";
		};
		D0AFF7392AA433CE00F800AE /* Presentation */ = {
			isa = PBXGroup;
			children = (
				D07222062AF789BA00684B26 /* ui */,
				D072220B2AF78A4800684B26 /* model_protocol */,
				D072220A2AF78A2400684B26 /* intent_protocol */,
			);
			path = Presentation;
			sourceTree = "<group>";
		};
		D0AFF7422AA4373F00F800AE /* Utils */ = {
			isa = PBXGroup;
			children = (
				D0AFF7432AA4374800F800AE /* MVIContainer.swift */,
				D0AFF7562AA4422800F800AE /* ColorExtension.swift */,
				D0B829222AC958E700588EDF /* AppStoreReviewManager.swift */,
			);
			name = Utils;
			path = Presentation/Utils;
			sourceTree = "<group>";
		};
		D0AFF7532AA4420800F800AE /* App */ = {
			isa = PBXGroup;
			children = (
				D0AFF7632AA4578800F800AE /* Global */,
				D0F3AE092ABED36900CA76B2 /* Utils */,
				D0AFF7422AA4373F00F800AE /* Utils */,
				D07222142AF78B0E00684B26 /* Data */,
				D07222082AF789EA00684B26 /* State */,
				D07222052AF7898B00684B26 /* Domain */,
				D07222182AF78C0C00684B26 /* Intent */,
				D0AFF7392AA433CE00F800AE /* Presentation */,
				D0AFF70E2AA432D300F800AE /* game2048App.swift */,
				D0AFF7102AA432D300F800AE /* ContentView.swift */,
			);
			path = App;
			sourceTree = "<group>";
		};
		D0AFF7542AA4420F00F800AE /* Resources */ = {
			isa = PBXGroup;
			children = (
				D0F3ADEC2ABECFCF00CA76B2 /* Images */,
				D0F3AE052ABED24B00CA76B2 /* Localizable.strings */,
				D00898252AF6447100B1642E /* AdMobResources.swift */,
			);
			path = Resources;
			sourceTree = "<group>";
		};
		D0AFF75C2AA445B100F800AE /* Main */ = {
			isa = PBXGroup;
			children = (
				D0AFF7512AA43B5C00F800AE /* GameModeEnum_정상작동테스트.swift */,
			);
			path = Main;
			sourceTree = "<group>";
		};
		D0AFF7632AA4578800F800AE /* Global */ = {
			isa = PBXGroup;
			children = (
				D0AFF7642AA4578E00F800AE /* NavigationManager.swift */,
			);
			path = Global;
			sourceTree = "<group>";
		};
		D0AFF7802AA4699700F800AE /* Game */ = {
			isa = PBXGroup;
			children = (
				D0AFF7812AA469AD00F800AE /* PuzzleBoxModel_정상작동테스트.swift */,
				D0AFF7852AA4799300F800AE /* GameScreenModel_정상작동테스트.swift */,
			);
			path = Game;
			sourceTree = "<group>";
		};
		D0F3ADEC2ABECFCF00CA76B2 /* Images */ = {
			isa = PBXGroup;
			children = (
				D0F3ADFA2ABED09E00CA76B2 /* 3X3.png */,
				D0F3ADF72ABED09E00CA76B2 /* 4X4.png */,
				D0F3ADF82ABED09E00CA76B2 /* 5X5.png */,
				D0F3ADF92ABED09E00CA76B2 /* 6X6.png */,
				D0F3ADFB2ABED09E00CA76B2 /* 8X8.png */,
			);
			path = Images;
			sourceTree = "<group>";
		};
		D0F3AE092ABED36900CA76B2 /* Utils */ = {
			isa = PBXGroup;
			children = (
				D0AFF75A2AA442CD00F800AE /* ViewResources.swift */,
				D0F3AE0A2ABED37200CA76B2 /* StringExtensions.swift */,
			);
			path = Utils;
			sourceTree = "<group>";
		};
		D0F3AE102ABEE44000CA76B2 /* Frameworks */ = {
			isa = PBXGroup;
			children = (
			);
			name = Frameworks;
			sourceTree = "<group>";
		};
/* End PBXGroup section */

/* Begin PBXNativeTarget section */
		D0AFF70A2AA432D300F800AE /* game2048 */ = {
			isa = PBXNativeTarget;
			buildConfigurationList = D0AFF7302AA432D400F800AE /* Build configuration list for PBXNativeTarget "game2048" */;
			buildPhases = (
				D0AFF7072AA432D300F800AE /* Sources */,
				D0AFF7082AA432D300F800AE /* Frameworks */,
				D0AFF7092AA432D300F800AE /* Resources */,
			);
			buildRules = (
			);
			dependencies = (
			);
			name = game2048;
			packageProductDependencies = (
				D0F3AE0E2ABEE1B400CA76B2 /* GoogleMobileAds */,
			);
			productName = game2048;
			productReference = D0AFF70B2AA432D300F800AE /* game2048.app */;
			productType = "com.apple.product-type.application";
		};
		D0AFF71B2AA432D400F800AE /* game2048Tests */ = {
			isa = PBXNativeTarget;
			buildConfigurationList = D0AFF7332AA432D400F800AE /* Build configuration list for PBXNativeTarget "game2048Tests" */;
			buildPhases = (
				D0AFF7182AA432D400F800AE /* Sources */,
				D0AFF7192AA432D400F800AE /* Frameworks */,
				D0AFF71A2AA432D400F800AE /* Resources */,
			);
			buildRules = (
			);
			dependencies = (
				D0AFF71E2AA432D400F800AE /* PBXTargetDependency */,
			);
			name = game2048Tests;
			productName = game2048Tests;
			productReference = D0AFF71C2AA432D400F800AE /* game2048Tests.xctest */;
			productType = "com.apple.product-type.bundle.unit-test";
		};
		D0AFF7252AA432D400F800AE /* game2048UITests */ = {
			isa = PBXNativeTarget;
			buildConfigurationList = D0AFF7362AA432D400F800AE /* Build configuration list for PBXNativeTarget "game2048UITests" */;
			buildPhases = (
				D0AFF7222AA432D400F800AE /* Sources */,
				D0AFF7232AA432D400F800AE /* Frameworks */,
				D0AFF7242AA432D400F800AE /* Resources */,
			);
			buildRules = (
			);
			dependencies = (
				D0AFF7282AA432D400F800AE /* PBXTargetDependency */,
			);
			name = game2048UITests;
			productName = game2048UITests;
			productReference = D0AFF7262AA432D400F800AE /* game2048UITests.xctest */;
			productType = "com.apple.product-type.bundle.ui-testing";
		};
/* End PBXNativeTarget section */

/* Begin PBXProject section */
		D0AFF7032AA432D300F800AE /* Project object */ = {
			isa = PBXProject;
			attributes = {
				BuildIndependentTargetsInParallel = 1;
				LastSwiftUpdateCheck = 1430;
				LastUpgradeCheck = 1430;
				TargetAttributes = {
					D0AFF70A2AA432D300F800AE = {
						CreatedOnToolsVersion = 14.3;
					};
					D0AFF71B2AA432D400F800AE = {
						CreatedOnToolsVersion = 14.3;
						TestTargetID = D0AFF70A2AA432D300F800AE;
					};
					D0AFF7252AA432D400F800AE = {
						CreatedOnToolsVersion = 14.3;
						TestTargetID = D0AFF70A2AA432D300F800AE;
					};
				};
			};
			buildConfigurationList = D0AFF7062AA432D300F800AE /* Build configuration list for PBXProject "game2048" */;
			compatibilityVersion = "Xcode 14.0";
			developmentRegion = en;
			hasScannedForEncodings = 0;
			knownRegions = (
				en,
				Base,
				zh,
				ko,
				ja,
			);
			mainGroup = D0AFF7022AA432D300F800AE;
			packageReferences = (
				D0F3AE0D2ABEE1B400CA76B2 /* XCRemoteSwiftPackageReference "swift-package-manager-google-mobile-ads" */,
			);
			productRefGroup = D0AFF70C2AA432D300F800AE /* Products */;
			projectDirPath = "";
			projectRoot = "";
			targets = (
				D0AFF70A2AA432D300F800AE /* game2048 */,
				D0AFF71B2AA432D400F800AE /* game2048Tests */,
				D0AFF7252AA432D400F800AE /* game2048UITests */,
			);
		};
/* End PBXProject section */

/* Begin PBXResourcesBuildPhase section */
		D0AFF7092AA432D300F800AE /* Resources */ = {
			isa = PBXResourcesBuildPhase;
			buildActionMask = 2147483647;
			files = (
				D0F3ADFF2ABED09E00CA76B2 /* 3X3.png in Resources */,
				D0F3ADFD2ABED09E00CA76B2 /* 5X5.png in Resources */,
				D0F3AE002ABED09E00CA76B2 /* 8X8.png in Resources */,
				D0F3ADFE2ABED09E00CA76B2 /* 6X6.png in Resources */,
				D0F3ADFC2ABED09E00CA76B2 /* 4X4.png in Resources */,
				D0F3AE032ABED24B00CA76B2 /* Localizable.strings in Resources */,
				D0AFF7172AA432D400F800AE /* Preview Assets.xcassets in Resources */,
				D0AFF7132AA432D400F800AE /* Assets.xcassets in Resources */,
			);
			runOnlyForDeploymentPostprocessing = 0;
		};
		D0AFF71A2AA432D400F800AE /* Resources */ = {
			isa = PBXResourcesBuildPhase;
			buildActionMask = 2147483647;
			files = (
			);
			runOnlyForDeploymentPostprocessing = 0;
		};
		D0AFF7242AA432D400F800AE /* Resources */ = {
			isa = PBXResourcesBuildPhase;
			buildActionMask = 2147483647;
			files = (
			);
			runOnlyForDeploymentPostprocessing = 0;
		};
/* End PBXResourcesBuildPhase section */

/* Begin PBXSourcesBuildPhase section */
		D0AFF7072AA432D300F800AE /* Sources */ = {
			isa = PBXSourcesBuildPhase;
			buildActionMask = 2147483647;
			files = (
				D0F3AE0B2ABED37200CA76B2 /* StringExtensions.swift in Sources */,
				D072220E2AF78AAC00684B26 /* PuzzleBoxModelActionProtocol.swift in Sources */,
				D072221B2AF7934400684B26 /* BoxSwipeAvailableCheckUseCase.swift in Sources */,
				D0AFF77F2AA4652300F800AE /* PuzzleBoxModelStateProtocol.swift in Sources */,
				D0AFF7732AA45FB800F800AE /* GameScreenIntent.swift in Sources */,
				D07222122AF78ACD00684B26 /* MainScreenModelActionProtocol.swift in Sources */,
				D07222242AF79E6D00684B26 /* PuzzleBoxMap.swift in Sources */,
				D07222102AF78ABE00684B26 /* GameScreenModelActionProtocol.swift in Sources */,
				D0AFF7442AA4374800F800AE /* MVIContainer.swift in Sources */,
				D0020BEF2ADBC04B004AD98B /* ObstacleBoxModel.swift in Sources */,
				D0B384992AB6D81A00CC1DA0 /* GamePhaseEnum.swift in Sources */,
				D07222262AF7A71A00684B26 /* PuzzleBoxMergeUseCase.swift in Sources */,
				D072221F2AF795A600684B26 /* ScoreModel.swift in Sources */,
				D0AFF74A2AA4382D00F800AE /* MainScreenIntentProtocol.swift in Sources */,
				D0AFF7462AA437A700F800AE /* MainScreenIntent.swift in Sources */,
				D0F0887A2ADD76090066C3D2 /* ObstacleModeGameScreenModel.swift in Sources */,
				D0AFF7712AA45FAA00F800AE /* GameScreenModel.swift in Sources */,
				D0AFF7772AA45FFE00F800AE /* GameScreenModelStateProtocol.swift in Sources */,
				D0AFF74F2AA4389E00F800AE /* GameModeEnum.swift in Sources */,
				D0AFF7842AA46D8100F800AE /* PuzzleBoxView.swift in Sources */,
				D0AFF7482AA437BD00F800AE /* MainScreenModel.swift in Sources */,
				D0AFF7752AA45FEE00F800AE /* GameScreenIntentProtocol.swift in Sources */,
				D0F0887C2ADD77CB0066C3D2 /* ObstacleModeGameScreenIntent.swift in Sources */,
				D0AFF77D2AA464B200F800AE /* PuzzleBoxModel.swift in Sources */,
				D0AFF7652AA4578E00F800AE /* NavigationManager.swift in Sources */,
				D0AFF74D2AA4385A00F800AE /* MainScreenModelStateProtocol.swift in Sources */,
				D05564E72AAD8327006A6F72 /* Direction.swift in Sources */,
				D0AFF7112AA432D300F800AE /* ContentView.swift in Sources */,
				D0AFF75B2AA442CD00F800AE /* ViewResources.swift in Sources */,
				D0AFF7412AA433EA00F800AE /* MainScreen.swift in Sources */,
				D00898262AF6447100B1642E /* AdMobResources.swift in Sources */,
				D072221D2AF7947E00684B26 /* PuzzleBoxMoveUseCase.swift in Sources */,
				D0AFF70F2AA432D300F800AE /* game2048App.swift in Sources */,
				D05564EA2AAD9B65006A6F72 /* GameSaverUserDefaultDTO.swift in Sources */,
				D0AFF76E2AA4590B00F800AE /* GameScreen.swift in Sources */,
				D0AFF7572AA4422800F800AE /* ColorExtension.swift in Sources */,
				D0B829232AC958E700588EDF /* AppStoreReviewManager.swift in Sources */,
			);
			runOnlyForDeploymentPostprocessing = 0;
		};
		D0AFF7182AA432D400F800AE /* Sources */ = {
			isa = PBXSourcesBuildPhase;
			buildActionMask = 2147483647;
			files = (
				D0AFF7822AA469AD00F800AE /* PuzzleBoxModel_정상작동테스트.swift in Sources */,
				D0AFF7212AA432D400F800AE /* game2048Tests.swift in Sources */,
				D0AFF7862AA4799300F800AE /* GameScreenModel_정상작동테스트.swift in Sources */,
				D0AFF7522AA43B5C00F800AE /* GameModeEnum_정상작동테스트.swift in Sources */,
			);
			runOnlyForDeploymentPostprocessing = 0;
		};
		D0AFF7222AA432D400F800AE /* Sources */ = {
			isa = PBXSourcesBuildPhase;
			buildActionMask = 2147483647;
			files = (
				D0AFF72D2AA432D400F800AE /* game2048UITestsLaunchTests.swift in Sources */,
				D0AFF72B2AA432D400F800AE /* game2048UITests.swift in Sources */,
			);
			runOnlyForDeploymentPostprocessing = 0;
		};
/* End PBXSourcesBuildPhase section */

/* Begin PBXTargetDependency section */
		D0AFF71E2AA432D400F800AE /* PBXTargetDependency */ = {
			isa = PBXTargetDependency;
			target = D0AFF70A2AA432D300F800AE /* game2048 */;
			targetProxy = D0AFF71D2AA432D400F800AE /* PBXContainerItemProxy */;
		};
		D0AFF7282AA432D400F800AE /* PBXTargetDependency */ = {
			isa = PBXTargetDependency;
			target = D0AFF70A2AA432D300F800AE /* game2048 */;
			targetProxy = D0AFF7272AA432D400F800AE /* PBXContainerItemProxy */;
		};
/* End PBXTargetDependency section */

/* Begin PBXVariantGroup section */
		D0F3AE052ABED24B00CA76B2 /* Localizable.strings */ = {
			isa = PBXVariantGroup;
			children = (
				D0F3AE042ABED24B00CA76B2 /* en */,
				D0F3AE062ABED27C00CA76B2 /* zh */,
				D0F3AE072ABED2A200CA76B2 /* ko */,
				D0F3AE082ABED2AB00CA76B2 /* ja */,
			);
			name = Localizable.strings;
			sourceTree = "<group>";
		};
/* End PBXVariantGroup section */

/* Begin XCBuildConfiguration section */
		D0AFF72E2AA432D400F800AE /* Debug */ = {
			isa = XCBuildConfiguration;
			buildSettings = {
				ALWAYS_SEARCH_USER_PATHS = NO;
				CLANG_ANALYZER_LOCALIZABILITY_NONLOCALIZED = YES;
				CLANG_ANALYZER_NONNULL = YES;
				CLANG_ANALYZER_NUMBER_OBJECT_CONVERSION = YES_AGGRESSIVE;
				CLANG_CXX_LANGUAGE_STANDARD = "gnu++20";
				CLANG_ENABLE_MODULES = YES;
				CLANG_ENABLE_OBJC_ARC = YES;
				CLANG_ENABLE_OBJC_WEAK = YES;
				CLANG_WARN_BLOCK_CAPTURE_AUTORELEASING = YES;
				CLANG_WARN_BOOL_CONVERSION = YES;
				CLANG_WARN_COMMA = YES;
				CLANG_WARN_CONSTANT_CONVERSION = YES;
				CLANG_WARN_DEPRECATED_OBJC_IMPLEMENTATIONS = YES;
				CLANG_WARN_DIRECT_OBJC_ISA_USAGE = YES_ERROR;
				CLANG_WARN_DOCUMENTATION_COMMENTS = YES;
				CLANG_WARN_EMPTY_BODY = YES;
				CLANG_WARN_ENUM_CONVERSION = YES;
				CLANG_WARN_INFINITE_RECURSION = YES;
				CLANG_WARN_INT_CONVERSION = YES;
				CLANG_WARN_NON_LITERAL_NULL_CONVERSION = YES;
				CLANG_WARN_OBJC_IMPLICIT_RETAIN_SELF = YES;
				CLANG_WARN_OBJC_LITERAL_CONVERSION = YES;
				CLANG_WARN_OBJC_ROOT_CLASS = YES_ERROR;
				CLANG_WARN_QUOTED_INCLUDE_IN_FRAMEWORK_HEADER = YES;
				CLANG_WARN_RANGE_LOOP_ANALYSIS = YES;
				CLANG_WARN_STRICT_PROTOTYPES = YES;
				CLANG_WARN_SUSPICIOUS_MOVE = YES;
				CLANG_WARN_UNGUARDED_AVAILABILITY = YES_AGGRESSIVE;
				CLANG_WARN_UNREACHABLE_CODE = YES;
				CLANG_WARN__DUPLICATE_METHOD_MATCH = YES;
				COPY_PHASE_STRIP = NO;
				DEBUG_INFORMATION_FORMAT = dwarf;
				ENABLE_STRICT_OBJC_MSGSEND = YES;
				ENABLE_TESTABILITY = YES;
				GCC_C_LANGUAGE_STANDARD = gnu11;
				GCC_DYNAMIC_NO_PIC = NO;
				GCC_NO_COMMON_BLOCKS = YES;
				GCC_OPTIMIZATION_LEVEL = 0;
				GCC_PREPROCESSOR_DEFINITIONS = (
					"DEBUG=1",
					"$(inherited)",
				);
				GCC_WARN_64_TO_32_BIT_CONVERSION = YES;
				GCC_WARN_ABOUT_RETURN_TYPE = YES_ERROR;
				GCC_WARN_UNDECLARED_SELECTOR = YES;
				GCC_WARN_UNINITIALIZED_AUTOS = YES_AGGRESSIVE;
				GCC_WARN_UNUSED_FUNCTION = YES;
				GCC_WARN_UNUSED_VARIABLE = YES;
				IPHONEOS_DEPLOYMENT_TARGET = 16.0;
				MACOSX_DEPLOYMENT_TARGET = 13.0;
				MTL_ENABLE_DEBUG_INFO = INCLUDE_SOURCE;
				MTL_FAST_MATH = YES;
				ONLY_ACTIVE_ARCH = YES;
				OTHER_LDFLAGS = "-ObjC";
				SWIFT_ACTIVE_COMPILATION_CONDITIONS = DEBUG;
				SWIFT_OPTIMIZATION_LEVEL = "-Onone";
			};
			name = Debug;
		};
		D0AFF72F2AA432D400F800AE /* Release */ = {
			isa = XCBuildConfiguration;
			buildSettings = {
				ALWAYS_SEARCH_USER_PATHS = NO;
				CLANG_ANALYZER_LOCALIZABILITY_NONLOCALIZED = YES;
				CLANG_ANALYZER_NONNULL = YES;
				CLANG_ANALYZER_NUMBER_OBJECT_CONVERSION = YES_AGGRESSIVE;
				CLANG_CXX_LANGUAGE_STANDARD = "gnu++20";
				CLANG_ENABLE_MODULES = YES;
				CLANG_ENABLE_OBJC_ARC = YES;
				CLANG_ENABLE_OBJC_WEAK = YES;
				CLANG_WARN_BLOCK_CAPTURE_AUTORELEASING = YES;
				CLANG_WARN_BOOL_CONVERSION = YES;
				CLANG_WARN_COMMA = YES;
				CLANG_WARN_CONSTANT_CONVERSION = YES;
				CLANG_WARN_DEPRECATED_OBJC_IMPLEMENTATIONS = YES;
				CLANG_WARN_DIRECT_OBJC_ISA_USAGE = YES_ERROR;
				CLANG_WARN_DOCUMENTATION_COMMENTS = YES;
				CLANG_WARN_EMPTY_BODY = YES;
				CLANG_WARN_ENUM_CONVERSION = YES;
				CLANG_WARN_INFINITE_RECURSION = YES;
				CLANG_WARN_INT_CONVERSION = YES;
				CLANG_WARN_NON_LITERAL_NULL_CONVERSION = YES;
				CLANG_WARN_OBJC_IMPLICIT_RETAIN_SELF = YES;
				CLANG_WARN_OBJC_LITERAL_CONVERSION = YES;
				CLANG_WARN_OBJC_ROOT_CLASS = YES_ERROR;
				CLANG_WARN_QUOTED_INCLUDE_IN_FRAMEWORK_HEADER = YES;
				CLANG_WARN_RANGE_LOOP_ANALYSIS = YES;
				CLANG_WARN_STRICT_PROTOTYPES = YES;
				CLANG_WARN_SUSPICIOUS_MOVE = YES;
				CLANG_WARN_UNGUARDED_AVAILABILITY = YES_AGGRESSIVE;
				CLANG_WARN_UNREACHABLE_CODE = YES;
				CLANG_WARN__DUPLICATE_METHOD_MATCH = YES;
				COPY_PHASE_STRIP = NO;
				DEBUG_INFORMATION_FORMAT = "dwarf-with-dsym";
				ENABLE_NS_ASSERTIONS = NO;
				ENABLE_STRICT_OBJC_MSGSEND = YES;
				GCC_C_LANGUAGE_STANDARD = gnu11;
				GCC_NO_COMMON_BLOCKS = YES;
				GCC_WARN_64_TO_32_BIT_CONVERSION = YES;
				GCC_WARN_ABOUT_RETURN_TYPE = YES_ERROR;
				GCC_WARN_UNDECLARED_SELECTOR = YES;
				GCC_WARN_UNINITIALIZED_AUTOS = YES_AGGRESSIVE;
				GCC_WARN_UNUSED_FUNCTION = YES;
				GCC_WARN_UNUSED_VARIABLE = YES;
				IPHONEOS_DEPLOYMENT_TARGET = 16.0;
				MACOSX_DEPLOYMENT_TARGET = 13.0;
				MTL_ENABLE_DEBUG_INFO = NO;
				MTL_FAST_MATH = YES;
				OTHER_LDFLAGS = "-ObjC";
				SWIFT_COMPILATION_MODE = wholemodule;
				SWIFT_OPTIMIZATION_LEVEL = "-O";
			};
			name = Release;
		};
		D0AFF7312AA432D400F800AE /* Debug */ = {
			isa = XCBuildConfiguration;
			buildSettings = {
				ASSETCATALOG_COMPILER_APPICON_NAME = AppIcon;
				ASSETCATALOG_COMPILER_GLOBAL_ACCENT_COLOR_NAME = AccentColor;
				CODE_SIGN_ENTITLEMENTS = game2048/game2048.entitlements;
				CODE_SIGN_STYLE = Automatic;
				CURRENT_PROJECT_VERSION = 1;
				DEVELOPMENT_ASSET_PATHS = "\"game2048/Preview Content\"";
				DEVELOPMENT_TEAM = LTM3A2DW9P;
				ENABLE_HARDENED_RUNTIME = YES;
				ENABLE_PREVIEWS = YES;
				GENERATE_INFOPLIST_FILE = YES;
				INFOPLIST_FILE = game2048/Info.plist;
				INFOPLIST_KEY_CFBundleDisplayName = "Brain Numbers Puzzle Game";
				INFOPLIST_KEY_LSApplicationCategoryType = "public.app-category.family-games";
				INFOPLIST_KEY_NSUserTrackingUsageDescription = "We collect advertising activity information to deliver personalized ads tailored to you";
				INFOPLIST_KEY_UIApplicationSceneManifest_Generation = YES;
				"INFOPLIST_KEY_UIApplicationSceneManifest_Generation[sdk=iphoneos*]" = YES;
				"INFOPLIST_KEY_UIApplicationSceneManifest_Generation[sdk=iphonesimulator*]" = YES;
				"INFOPLIST_KEY_UIApplicationSupportsIndirectInputEvents[sdk=iphoneos*]" = YES;
				"INFOPLIST_KEY_UIApplicationSupportsIndirectInputEvents[sdk=iphonesimulator*]" = YES;
				"INFOPLIST_KEY_UILaunchScreen_Generation[sdk=iphoneos*]" = YES;
				"INFOPLIST_KEY_UILaunchScreen_Generation[sdk=iphonesimulator*]" = YES;
				INFOPLIST_KEY_UIRequiresFullScreen = YES;
				INFOPLIST_KEY_UIStatusBarStyle = UIStatusBarStyleLightContent;
				"INFOPLIST_KEY_UIStatusBarStyle[sdk=iphoneos*]" = UIStatusBarStyleDefault;
				"INFOPLIST_KEY_UIStatusBarStyle[sdk=iphonesimulator*]" = UIStatusBarStyleDefault;
				INFOPLIST_KEY_UISupportedInterfaceOrientations = UIInterfaceOrientationPortrait;
				INFOPLIST_KEY_UISupportedInterfaceOrientations_iPad = "UIInterfaceOrientationPortrait UIInterfaceOrientationPortraitUpsideDown";
				INFOPLIST_KEY_UIUserInterfaceStyle = Light;
				IPHONEOS_DEPLOYMENT_TARGET = 16.0;
				LD_RUNPATH_SEARCH_PATHS = "@executable_path/Frameworks";
				"LD_RUNPATH_SEARCH_PATHS[sdk=macosx*]" = "@executable_path/../Frameworks";
				MACOSX_DEPLOYMENT_TARGET = 13.3;
				MARKETING_VERSION = 2.0.0;
				OTHER_LDFLAGS = "-ObjC";
				PRODUCT_BUNDLE_IDENTIFIER = kr.co.jaewoong.game2048;
				PRODUCT_NAME = "$(TARGET_NAME)";
				SDKROOT = auto;
				SUPPORTED_PLATFORMS = "iphoneos iphonesimulator";
				SUPPORTS_MACCATALYST = NO;
				SUPPORTS_MAC_DESIGNED_FOR_IPHONE_IPAD = NO;
				SWIFT_EMIT_LOC_STRINGS = YES;
				SWIFT_VERSION = 5.0;
				TARGETED_DEVICE_FAMILY = "1,2";
			};
			name = Debug;
		};
		D0AFF7322AA432D400F800AE /* Release */ = {
			isa = XCBuildConfiguration;
			buildSettings = {
				ASSETCATALOG_COMPILER_APPICON_NAME = AppIcon;
				ASSETCATALOG_COMPILER_GLOBAL_ACCENT_COLOR_NAME = AccentColor;
				CODE_SIGN_ENTITLEMENTS = game2048/game2048.entitlements;
				CODE_SIGN_STYLE = Automatic;
				CURRENT_PROJECT_VERSION = 1;
				DEVELOPMENT_ASSET_PATHS = "\"game2048/Preview Content\"";
				DEVELOPMENT_TEAM = LTM3A2DW9P;
				ENABLE_HARDENED_RUNTIME = YES;
				ENABLE_PREVIEWS = YES;
				GENERATE_INFOPLIST_FILE = YES;
				INFOPLIST_FILE = game2048/Info.plist;
				INFOPLIST_KEY_CFBundleDisplayName = "Brain Numbers Puzzle Game";
				INFOPLIST_KEY_LSApplicationCategoryType = "public.app-category.family-games";
				INFOPLIST_KEY_NSUserTrackingUsageDescription = "We collect advertising activity information to deliver personalized ads tailored to you";
				INFOPLIST_KEY_UIApplicationSceneManifest_Generation = YES;
				"INFOPLIST_KEY_UIApplicationSceneManifest_Generation[sdk=iphoneos*]" = YES;
				"INFOPLIST_KEY_UIApplicationSceneManifest_Generation[sdk=iphonesimulator*]" = YES;
				"INFOPLIST_KEY_UIApplicationSupportsIndirectInputEvents[sdk=iphoneos*]" = YES;
				"INFOPLIST_KEY_UIApplicationSupportsIndirectInputEvents[sdk=iphonesimulator*]" = YES;
				"INFOPLIST_KEY_UILaunchScreen_Generation[sdk=iphoneos*]" = YES;
				"INFOPLIST_KEY_UILaunchScreen_Generation[sdk=iphonesimulator*]" = YES;
				INFOPLIST_KEY_UIRequiresFullScreen = YES;
				INFOPLIST_KEY_UIStatusBarStyle = UIStatusBarStyleLightContent;
				"INFOPLIST_KEY_UIStatusBarStyle[sdk=iphoneos*]" = UIStatusBarStyleDefault;
				"INFOPLIST_KEY_UIStatusBarStyle[sdk=iphonesimulator*]" = UIStatusBarStyleDefault;
				INFOPLIST_KEY_UISupportedInterfaceOrientations = UIInterfaceOrientationPortrait;
				INFOPLIST_KEY_UISupportedInterfaceOrientations_iPad = "UIInterfaceOrientationPortrait UIInterfaceOrientationPortraitUpsideDown";
				INFOPLIST_KEY_UIUserInterfaceStyle = Light;
				IPHONEOS_DEPLOYMENT_TARGET = 16.0;
				LD_RUNPATH_SEARCH_PATHS = "@executable_path/Frameworks";
				"LD_RUNPATH_SEARCH_PATHS[sdk=macosx*]" = "@executable_path/../Frameworks";
				MACOSX_DEPLOYMENT_TARGET = 13.3;
				MARKETING_VERSION = 2.0.0;
				OTHER_LDFLAGS = "-ObjC";
				PRODUCT_BUNDLE_IDENTIFIER = kr.co.jaewoong.game2048;
				PRODUCT_NAME = "$(TARGET_NAME)";
				SDKROOT = auto;
				SUPPORTED_PLATFORMS = "iphoneos iphonesimulator";
				SUPPORTS_MACCATALYST = NO;
				SUPPORTS_MAC_DESIGNED_FOR_IPHONE_IPAD = NO;
				SWIFT_EMIT_LOC_STRINGS = YES;
				SWIFT_VERSION = 5.0;
				TARGETED_DEVICE_FAMILY = "1,2";
			};
			name = Release;
		};
		D0AFF7342AA432D400F800AE /* Debug */ = {
			isa = XCBuildConfiguration;
			buildSettings = {
				ALWAYS_EMBED_SWIFT_STANDARD_LIBRARIES = YES;
				BUNDLE_LOADER = "$(TEST_HOST)";
				CODE_SIGN_STYLE = Automatic;
				CURRENT_PROJECT_VERSION = 1;
				DEVELOPMENT_TEAM = LTM3A2DW9P;
				GENERATE_INFOPLIST_FILE = YES;
				IPHONEOS_DEPLOYMENT_TARGET = 16.4;
				MACOSX_DEPLOYMENT_TARGET = 13.3;
				MARKETING_VERSION = 1.0;
				PRODUCT_BUNDLE_IDENTIFIER = kr.co.jaewoong.game2048Tests;
				PRODUCT_NAME = "$(TARGET_NAME)";
				SDKROOT = auto;
				SUPPORTED_PLATFORMS = "iphoneos iphonesimulator macosx";
				SWIFT_EMIT_LOC_STRINGS = NO;
				SWIFT_VERSION = 5.0;
				TARGETED_DEVICE_FAMILY = "1,2";
				TEST_HOST = "$(BUILT_PRODUCTS_DIR)/game2048.app/$(BUNDLE_EXECUTABLE_FOLDER_PATH)/game2048";
			};
			name = Debug;
		};
		D0AFF7352AA432D400F800AE /* Release */ = {
			isa = XCBuildConfiguration;
			buildSettings = {
				ALWAYS_EMBED_SWIFT_STANDARD_LIBRARIES = YES;
				BUNDLE_LOADER = "$(TEST_HOST)";
				CODE_SIGN_STYLE = Automatic;
				CURRENT_PROJECT_VERSION = 1;
				DEVELOPMENT_TEAM = LTM3A2DW9P;
				GENERATE_INFOPLIST_FILE = YES;
				IPHONEOS_DEPLOYMENT_TARGET = 16.4;
				MACOSX_DEPLOYMENT_TARGET = 13.3;
				MARKETING_VERSION = 1.0;
				PRODUCT_BUNDLE_IDENTIFIER = kr.co.jaewoong.game2048Tests;
				PRODUCT_NAME = "$(TARGET_NAME)";
				SDKROOT = auto;
				SUPPORTED_PLATFORMS = "iphoneos iphonesimulator macosx";
				SWIFT_EMIT_LOC_STRINGS = NO;
				SWIFT_VERSION = 5.0;
				TARGETED_DEVICE_FAMILY = "1,2";
				TEST_HOST = "$(BUILT_PRODUCTS_DIR)/game2048.app/$(BUNDLE_EXECUTABLE_FOLDER_PATH)/game2048";
			};
			name = Release;
		};
		D0AFF7372AA432D400F800AE /* Debug */ = {
			isa = XCBuildConfiguration;
			buildSettings = {
				ALWAYS_EMBED_SWIFT_STANDARD_LIBRARIES = YES;
				CODE_SIGN_STYLE = Automatic;
				CURRENT_PROJECT_VERSION = 1;
				DEVELOPMENT_TEAM = LTM3A2DW9P;
				GENERATE_INFOPLIST_FILE = YES;
				IPHONEOS_DEPLOYMENT_TARGET = 16.4;
				MACOSX_DEPLOYMENT_TARGET = 13.3;
				MARKETING_VERSION = 1.0;
				PRODUCT_BUNDLE_IDENTIFIER = kr.co.jaewoong.game2048UITests;
				PRODUCT_NAME = "$(TARGET_NAME)";
				SDKROOT = auto;
				SUPPORTED_PLATFORMS = "iphoneos iphonesimulator macosx";
				SWIFT_EMIT_LOC_STRINGS = NO;
				SWIFT_VERSION = 5.0;
				TARGETED_DEVICE_FAMILY = "1,2";
				TEST_TARGET_NAME = game2048;
			};
			name = Debug;
		};
		D0AFF7382AA432D400F800AE /* Release */ = {
			isa = XCBuildConfiguration;
			buildSettings = {
				ALWAYS_EMBED_SWIFT_STANDARD_LIBRARIES = YES;
				CODE_SIGN_STYLE = Automatic;
				CURRENT_PROJECT_VERSION = 1;
				DEVELOPMENT_TEAM = LTM3A2DW9P;
				GENERATE_INFOPLIST_FILE = YES;
				IPHONEOS_DEPLOYMENT_TARGET = 16.4;
				MACOSX_DEPLOYMENT_TARGET = 13.3;
				MARKETING_VERSION = 1.0;
				PRODUCT_BUNDLE_IDENTIFIER = kr.co.jaewoong.game2048UITests;
				PRODUCT_NAME = "$(TARGET_NAME)";
				SDKROOT = auto;
				SUPPORTED_PLATFORMS = "iphoneos iphonesimulator macosx";
				SWIFT_EMIT_LOC_STRINGS = NO;
				SWIFT_VERSION = 5.0;
				TARGETED_DEVICE_FAMILY = "1,2";
				TEST_TARGET_NAME = game2048;
			};
			name = Release;
		};
/* End XCBuildConfiguration section */

/* Begin XCConfigurationList section */
		D0AFF7062AA432D300F800AE /* Build configuration list for PBXProject "game2048" */ = {
			isa = XCConfigurationList;
			buildConfigurations = (
				D0AFF72E2AA432D400F800AE /* Debug */,
				D0AFF72F2AA432D400F800AE /* Release */,
			);
			defaultConfigurationIsVisible = 0;
			defaultConfigurationName = Release;
		};
		D0AFF7302AA432D400F800AE /* Build configuration list for PBXNativeTarget "game2048" */ = {
			isa = XCConfigurationList;
			buildConfigurations = (
				D0AFF7312AA432D400F800AE /* Debug */,
				D0AFF7322AA432D400F800AE /* Release */,
			);
			defaultConfigurationIsVisible = 0;
			defaultConfigurationName = Release;
		};
		D0AFF7332AA432D400F800AE /* Build configuration list for PBXNativeTarget "game2048Tests" */ = {
			isa = XCConfigurationList;
			buildConfigurations = (
				D0AFF7342AA432D400F800AE /* Debug */,
				D0AFF7352AA432D400F800AE /* Release */,
			);
			defaultConfigurationIsVisible = 0;
			defaultConfigurationName = Release;
		};
		D0AFF7362AA432D400F800AE /* Build configuration list for PBXNativeTarget "game2048UITests" */ = {
			isa = XCConfigurationList;
			buildConfigurations = (
				D0AFF7372AA432D400F800AE /* Debug */,
				D0AFF7382AA432D400F800AE /* Release */,
			);
			defaultConfigurationIsVisible = 0;
			defaultConfigurationName = Release;
		};
/* End XCConfigurationList section */

/* Begin XCRemoteSwiftPackageReference section */
		D0F3AE0D2ABEE1B400CA76B2 /* XCRemoteSwiftPackageReference "swift-package-manager-google-mobile-ads" */ = {
			isa = XCRemoteSwiftPackageReference;
			repositoryURL = "https://github.com/googleads/swift-package-manager-google-mobile-ads.git";
			requirement = {
				kind = upToNextMajorVersion;
				minimumVersion = 10.0.0;
			};
		};
/* End XCRemoteSwiftPackageReference section */

/* Begin XCSwiftPackageProductDependency section */
		D0F3AE0E2ABEE1B400CA76B2 /* GoogleMobileAds */ = {
			isa = XCSwiftPackageProductDependency;
			package = D0F3AE0D2ABEE1B400CA76B2 /* XCRemoteSwiftPackageReference "swift-package-manager-google-mobile-ads" */;
			productName = GoogleMobileAds;
		};
/* End XCSwiftPackageProductDependency section */
	};
	rootObject = D0AFF7032AA432D300F800AE /* Project object */;
}
