// !$*UTF8*$!
{
	archiveVersion = 1;
	classes = {
	};
	objectVersion = 56;
	objects = {

/* Begin PBXBuildFile section */
		D0AFF70F2AA432D300F800AE /* game2048App.swift in Sources */ = {isa = PBXBuildFile; fileRef = D0AFF70E2AA432D300F800AE /* game2048App.swift */; };
		D0AFF7112AA432D300F800AE /* ContentView.swift in Sources */ = {isa = PBXBuildFile; fileRef = D0AFF7102AA432D300F800AE /* ContentView.swift */; };
		D0AFF7132AA432D400F800AE /* Assets.xcassets in Resources */ = {isa = PBXBuildFile; fileRef = D0AFF7122AA432D400F800AE /* Assets.xcassets */; };
		D0AFF7172AA432D400F800AE /* Preview Assets.xcassets in Resources */ = {isa = PBXBuildFile; fileRef = D0AFF7162AA432D400F800AE /* Preview Assets.xcassets */; };
		D0AFF7212AA432D400F800AE /* game2048Tests.swift in Sources */ = {isa = PBXBuildFile; fileRef = D0AFF7202AA432D400F800AE /* game2048Tests.swift */; };
		D0AFF72B2AA432D400F800AE /* game2048UITests.swift in Sources */ = {isa = PBXBuildFile; fileRef = D0AFF72A2AA432D400F800AE /* game2048UITests.swift */; };
		D0AFF72D2AA432D400F800AE /* game2048UITestsLaunchTests.swift in Sources */ = {isa = PBXBuildFile; fileRef = D0AFF72C2AA432D400F800AE /* game2048UITestsLaunchTests.swift */; };
		D0AFF7412AA433EA00F800AE /* MainScreen.swift in Sources */ = {isa = PBXBuildFile; fileRef = D0AFF7402AA433EA00F800AE /* MainScreen.swift */; };
		D0AFF7442AA4374800F800AE /* MVIContainer.swift in Sources */ = {isa = PBXBuildFile; fileRef = D0AFF7432AA4374800F800AE /* MVIContainer.swift */; };
		D0AFF7462AA437A700F800AE /* MainScreenIntent.swift in Sources */ = {isa = PBXBuildFile; fileRef = D0AFF7452AA437A700F800AE /* MainScreenIntent.swift */; };
		D0AFF7482AA437BD00F800AE /* MainScreenModel.swift in Sources */ = {isa = PBXBuildFile; fileRef = D0AFF7472AA437BD00F800AE /* MainScreenModel.swift */; };
		D0AFF74A2AA4382D00F800AE /* MainScreenIntentProtocol.swift in Sources */ = {isa = PBXBuildFile; fileRef = D0AFF7492AA4382D00F800AE /* MainScreenIntentProtocol.swift */; };
		D0AFF74D2AA4385A00F800AE /* MainScreenModelProtocols.swift in Sources */ = {isa = PBXBuildFile; fileRef = D0AFF74C2AA4385A00F800AE /* MainScreenModelProtocols.swift */; };
		D0AFF74F2AA4389E00F800AE /* GameModeEnum.swift in Sources */ = {isa = PBXBuildFile; fileRef = D0AFF74E2AA4389E00F800AE /* GameModeEnum.swift */; };
		D0AFF7522AA43B5C00F800AE /* GameModeEnum_정상작동테스트.swift in Sources */ = {isa = PBXBuildFile; fileRef = D0AFF7512AA43B5C00F800AE /* GameModeEnum_정상작동테스트.swift */; };
		D0AFF7572AA4422800F800AE /* ColorExtension.swift in Sources */ = {isa = PBXBuildFile; fileRef = D0AFF7562AA4422800F800AE /* ColorExtension.swift */; };
		D0AFF75B2AA442CD00F800AE /* ViewConst.swift in Sources */ = {isa = PBXBuildFile; fileRef = D0AFF75A2AA442CD00F800AE /* ViewConst.swift */; };
/* End PBXBuildFile section */

/* Begin PBXContainerItemProxy section */
		D0AFF71D2AA432D400F800AE /* PBXContainerItemProxy */ = {
			isa = PBXContainerItemProxy;
			containerPortal = D0AFF7032AA432D300F800AE /* Project object */;
			proxyType = 1;
			remoteGlobalIDString = D0AFF70A2AA432D300F800AE;
			remoteInfo = game2048;
		};
		D0AFF7272AA432D400F800AE /* PBXContainerItemProxy */ = {
			isa = PBXContainerItemProxy;
			containerPortal = D0AFF7032AA432D300F800AE /* Project object */;
			proxyType = 1;
			remoteGlobalIDString = D0AFF70A2AA432D300F800AE;
			remoteInfo = game2048;
		};
/* End PBXContainerItemProxy section */

/* Begin PBXFileReference section */
		D0AFF70B2AA432D300F800AE /* game2048.app */ = {isa = PBXFileReference; explicitFileType = wrapper.application; includeInIndex = 0; path = game2048.app; sourceTree = BUILT_PRODUCTS_DIR; };
		D0AFF70E2AA432D300F800AE /* game2048App.swift */ = {isa = PBXFileReference; lastKnownFileType = sourcecode.swift; path = game2048App.swift; sourceTree = "<group>"; };
		D0AFF7102AA432D300F800AE /* ContentView.swift */ = {isa = PBXFileReference; lastKnownFileType = sourcecode.swift; path = ContentView.swift; sourceTree = "<group>"; };
		D0AFF7122AA432D400F800AE /* Assets.xcassets */ = {isa = PBXFileReference; lastKnownFileType = folder.assetcatalog; path = Assets.xcassets; sourceTree = "<group>"; };
		D0AFF7142AA432D400F800AE /* game2048.entitlements */ = {isa = PBXFileReference; lastKnownFileType = text.plist.entitlements; path = game2048.entitlements; sourceTree = "<group>"; };
		D0AFF7162AA432D400F800AE /* Preview Assets.xcassets */ = {isa = PBXFileReference; lastKnownFileType = folder.assetcatalog; path = "Preview Assets.xcassets"; sourceTree = "<group>"; };
		D0AFF71C2AA432D400F800AE /* game2048Tests.xctest */ = {isa = PBXFileReference; explicitFileType = wrapper.cfbundle; includeInIndex = 0; path = game2048Tests.xctest; sourceTree = BUILT_PRODUCTS_DIR; };
		D0AFF7202AA432D400F800AE /* game2048Tests.swift */ = {isa = PBXFileReference; lastKnownFileType = sourcecode.swift; path = game2048Tests.swift; sourceTree = "<group>"; };
		D0AFF7262AA432D400F800AE /* game2048UITests.xctest */ = {isa = PBXFileReference; explicitFileType = wrapper.cfbundle; includeInIndex = 0; path = game2048UITests.xctest; sourceTree = BUILT_PRODUCTS_DIR; };
		D0AFF72A2AA432D400F800AE /* game2048UITests.swift */ = {isa = PBXFileReference; lastKnownFileType = sourcecode.swift; path = game2048UITests.swift; sourceTree = "<group>"; };
		D0AFF72C2AA432D400F800AE /* game2048UITestsLaunchTests.swift */ = {isa = PBXFileReference; lastKnownFileType = sourcecode.swift; path = game2048UITestsLaunchTests.swift; sourceTree = "<group>"; };
		D0AFF7402AA433EA00F800AE /* MainScreen.swift */ = {isa = PBXFileReference; lastKnownFileType = sourcecode.swift; path = MainScreen.swift; sourceTree = "<group>"; };
		D0AFF7432AA4374800F800AE /* MVIContainer.swift */ = {isa = PBXFileReference; lastKnownFileType = sourcecode.swift; path = MVIContainer.swift; sourceTree = "<group>"; };
		D0AFF7452AA437A700F800AE /* MainScreenIntent.swift */ = {isa = PBXFileReference; lastKnownFileType = sourcecode.swift; path = MainScreenIntent.swift; sourceTree = "<group>"; };
		D0AFF7472AA437BD00F800AE /* MainScreenModel.swift */ = {isa = PBXFileReference; lastKnownFileType = sourcecode.swift; path = MainScreenModel.swift; sourceTree = "<group>"; };
		D0AFF7492AA4382D00F800AE /* MainScreenIntentProtocol.swift */ = {isa = PBXFileReference; lastKnownFileType = sourcecode.swift; path = MainScreenIntentProtocol.swift; sourceTree = "<group>"; };
		D0AFF74C2AA4385A00F800AE /* MainScreenModelProtocols.swift */ = {isa = PBXFileReference; lastKnownFileType = sourcecode.swift; path = MainScreenModelProtocols.swift; sourceTree = "<group>"; };
		D0AFF74E2AA4389E00F800AE /* GameModeEnum.swift */ = {isa = PBXFileReference; lastKnownFileType = sourcecode.swift; path = GameModeEnum.swift; sourceTree = "<group>"; };
		D0AFF7512AA43B5C00F800AE /* GameModeEnum_정상작동테스트.swift */ = {isa = PBXFileReference; lastKnownFileType = sourcecode.swift; path = "GameModeEnum_정상작동테스트.swift"; sourceTree = "<group>"; };
		D0AFF7562AA4422800F800AE /* ColorExtension.swift */ = {isa = PBXFileReference; lastKnownFileType = sourcecode.swift; path = ColorExtension.swift; sourceTree = "<group>"; };
		D0AFF75A2AA442CD00F800AE /* ViewConst.swift */ = {isa = PBXFileReference; lastKnownFileType = sourcecode.swift; path = ViewConst.swift; sourceTree = "<group>"; };
/* End PBXFileReference section */

/* Begin PBXFrameworksBuildPhase section */
		D0AFF7082AA432D300F800AE /* Frameworks */ = {
			isa = PBXFrameworksBuildPhase;
			buildActionMask = 2147483647;
			files = (
			);
			runOnlyForDeploymentPostprocessing = 0;
		};
		D0AFF7192AA432D400F800AE /* Frameworks */ = {
			isa = PBXFrameworksBuildPhase;
			buildActionMask = 2147483647;
			files = (
			);
			runOnlyForDeploymentPostprocessing = 0;
		};
		D0AFF7232AA432D400F800AE /* Frameworks */ = {
			isa = PBXFrameworksBuildPhase;
			buildActionMask = 2147483647;
			files = (
			);
			runOnlyForDeploymentPostprocessing = 0;
		};
/* End PBXFrameworksBuildPhase section */

/* Begin PBXGroup section */
		D0AFF7022AA432D300F800AE = {
			isa = PBXGroup;
			children = (
				D0AFF70D2AA432D300F800AE /* game2048 */,
				D0AFF71F2AA432D400F800AE /* game2048Tests */,
				D0AFF7292AA432D400F800AE /* game2048UITests */,
				D0AFF70C2AA432D300F800AE /* Products */,
			);
			sourceTree = "<group>";
		};
		D0AFF70C2AA432D300F800AE /* Products */ = {
			isa = PBXGroup;
			children = (
				D0AFF70B2AA432D300F800AE /* game2048.app */,
				D0AFF71C2AA432D400F800AE /* game2048Tests.xctest */,
				D0AFF7262AA432D400F800AE /* game2048UITests.xctest */,
			);
			name = Products;
			sourceTree = "<group>";
		};
		D0AFF70D2AA432D300F800AE /* game2048 */ = {
			isa = PBXGroup;
			children = (
				D0AFF7542AA4420F00F800AE /* Resources */,
				D0AFF7532AA4420800F800AE /* App */,
				D0AFF7122AA432D400F800AE /* Assets.xcassets */,
				D0AFF7142AA432D400F800AE /* game2048.entitlements */,
				D0AFF7152AA432D400F800AE /* Preview Content */,
			);
			path = game2048;
			sourceTree = "<group>";
		};
		D0AFF7152AA432D400F800AE /* Preview Content */ = {
			isa = PBXGroup;
			children = (
				D0AFF7162AA432D400F800AE /* Preview Assets.xcassets */,
			);
			path = "Preview Content";
			sourceTree = "<group>";
		};
		D0AFF71F2AA432D400F800AE /* game2048Tests */ = {
			isa = PBXGroup;
			children = (
				D0AFF7512AA43B5C00F800AE /* GameModeEnum_정상작동테스트.swift */,
				D0AFF7202AA432D400F800AE /* game2048Tests.swift */,
			);
			path = game2048Tests;
			sourceTree = "<group>";
		};
		D0AFF7292AA432D400F800AE /* game2048UITests */ = {
			isa = PBXGroup;
			children = (
				D0AFF72A2AA432D400F800AE /* game2048UITests.swift */,
				D0AFF72C2AA432D400F800AE /* game2048UITestsLaunchTests.swift */,
			);
			path = game2048UITests;
			sourceTree = "<group>";
		};
		D0AFF7392AA433CE00F800AE /* Presentation */ = {
			isa = PBXGroup;
			children = (
				D0AFF7582AA442C400F800AE /* Const */,
				D0AFF7422AA4373F00F800AE /* Utils */,
				D0AFF73B2AA433D900F800AE /* Page */,
			);
			path = Presentation;
			sourceTree = "<group>";
		};
		D0AFF73A2AA433D300F800AE /* UseCase */ = {
			isa = PBXGroup;
			children = (
			);
			path = UseCase;
			sourceTree = "<group>";
		};
		D0AFF73B2AA433D900F800AE /* Page */ = {
			isa = PBXGroup;
			children = (
				D0AFF73C2AA433DB00F800AE /* Main */,
			);
			path = Page;
			sourceTree = "<group>";
		};
		D0AFF73C2AA433DB00F800AE /* Main */ = {
			isa = PBXGroup;
			children = (
				D0AFF73F2AA433E400F800AE /* Model */,
				D0AFF73E2AA433E200F800AE /* Intent */,
				D0AFF73D2AA433DE00F800AE /* View */,
			);
			path = Main;
			sourceTree = "<group>";
		};
		D0AFF73D2AA433DE00F800AE /* View */ = {
			isa = PBXGroup;
			children = (
				D0AFF7402AA433EA00F800AE /* MainScreen.swift */,
			);
			path = View;
			sourceTree = "<group>";
		};
		D0AFF73E2AA433E200F800AE /* Intent */ = {
			isa = PBXGroup;
			children = (
				D0AFF7452AA437A700F800AE /* MainScreenIntent.swift */,
				D0AFF7492AA4382D00F800AE /* MainScreenIntentProtocol.swift */,
			);
			path = Intent;
			sourceTree = "<group>";
		};
		D0AFF73F2AA433E400F800AE /* Model */ = {
			isa = PBXGroup;
			children = (
				D0AFF7472AA437BD00F800AE /* MainScreenModel.swift */,
				D0AFF74C2AA4385A00F800AE /* MainScreenModelProtocols.swift */,
				D0AFF74E2AA4389E00F800AE /* GameModeEnum.swift */,
			);
			path = Model;
			sourceTree = "<group>";
		};
		D0AFF7422AA4373F00F800AE /* Utils */ = {
			isa = PBXGroup;
			children = (
				D0AFF7432AA4374800F800AE /* MVIContainer.swift */,
				D0AFF7562AA4422800F800AE /* ColorExtension.swift */,
			);
			path = Utils;
			sourceTree = "<group>";
		};
		D0AFF7532AA4420800F800AE /* App */ = {
			isa = PBXGroup;
			children = (
				D0AFF73A2AA433D300F800AE /* UseCase */,
				D0AFF7392AA433CE00F800AE /* Presentation */,
				D0AFF70E2AA432D300F800AE /* game2048App.swift */,
				D0AFF7102AA432D300F800AE /* ContentView.swift */,
			);
			path = App;
			sourceTree = "<group>";
		};
		D0AFF7542AA4420F00F800AE /* Resources */ = {
			isa = PBXGroup;
			children = (
			);
			path = Resources;
			sourceTree = "<group>";
		};
		D0AFF7582AA442C400F800AE /* Const */ = {
			isa = PBXGroup;
			children = (
				D0AFF75A2AA442CD00F800AE /* ViewConst.swift */,
			);
			path = Const;
			sourceTree = "<group>";
		};
/* End PBXGroup section */

/* Begin PBXNativeTarget section */
		D0AFF70A2AA432D300F800AE /* game2048 */ = {
			isa = PBXNativeTarget;
			buildConfigurationList = D0AFF7302AA432D400F800AE /* Build configuration list for PBXNativeTarget "game2048" */;
			buildPhases = (
				D0AFF7072AA432D300F800AE /* Sources */,
				D0AFF7082AA432D300F800AE /* Frameworks */,
				D0AFF7092AA432D300F800AE /* Resources */,
			);
			buildRules = (
			);
			dependencies = (
			);
			name = game2048;
			productName = game2048;
			productReference = D0AFF70B2AA432D300F800AE /* game2048.app */;
			productType = "com.apple.product-type.application";
		};
		D0AFF71B2AA432D400F800AE /* game2048Tests */ = {
			isa = PBXNativeTarget;
			buildConfigurationList = D0AFF7332AA432D400F800AE /* Build configuration list for PBXNativeTarget "game2048Tests" */;
			buildPhases = (
				D0AFF7182AA432D400F800AE /* Sources */,
				D0AFF7192AA432D400F800AE /* Frameworks */,
				D0AFF71A2AA432D400F800AE /* Resources */,
			);
			buildRules = (
			);
			dependencies = (
				D0AFF71E2AA432D400F800AE /* PBXTargetDependency */,
			);
			name = game2048Tests;
			productName = game2048Tests;
			productReference = D0AFF71C2AA432D400F800AE /* game2048Tests.xctest */;
			productType = "com.apple.product-type.bundle.unit-test";
		};
		D0AFF7252AA432D400F800AE /* game2048UITests */ = {
			isa = PBXNativeTarget;
			buildConfigurationList = D0AFF7362AA432D400F800AE /* Build configuration list for PBXNativeTarget "game2048UITests" */;
			buildPhases = (
				D0AFF7222AA432D400F800AE /* Sources */,
				D0AFF7232AA432D400F800AE /* Frameworks */,
				D0AFF7242AA432D400F800AE /* Resources */,
			);
			buildRules = (
			);
			dependencies = (
				D0AFF7282AA432D400F800AE /* PBXTargetDependency */,
			);
			name = game2048UITests;
			productName = game2048UITests;
			productReference = D0AFF7262AA432D400F800AE /* game2048UITests.xctest */;
			productType = "com.apple.product-type.bundle.ui-testing";
		};
/* End PBXNativeTarget section */

/* Begin PBXProject section */
		D0AFF7032AA432D300F800AE /* Project object */ = {
			isa = PBXProject;
			attributes = {
				BuildIndependentTargetsInParallel = 1;
				LastSwiftUpdateCheck = 1430;
				LastUpgradeCheck = 1430;
				TargetAttributes = {
					D0AFF70A2AA432D300F800AE = {
						CreatedOnToolsVersion = 14.3;
					};
					D0AFF71B2AA432D400F800AE = {
						CreatedOnToolsVersion = 14.3;
						TestTargetID = D0AFF70A2AA432D300F800AE;
					};
					D0AFF7252AA432D400F800AE = {
						CreatedOnToolsVersion = 14.3;
						TestTargetID = D0AFF70A2AA432D300F800AE;
					};
				};
			};
			buildConfigurationList = D0AFF7062AA432D300F800AE /* Build configuration list for PBXProject "game2048" */;
			compatibilityVersion = "Xcode 14.0";
			developmentRegion = en;
			hasScannedForEncodings = 0;
			knownRegions = (
				en,
				Base,
			);
			mainGroup = D0AFF7022AA432D300F800AE;
			productRefGroup = D0AFF70C2AA432D300F800AE /* Products */;
			projectDirPath = "";
			projectRoot = "";
			targets = (
				D0AFF70A2AA432D300F800AE /* game2048 */,
				D0AFF71B2AA432D400F800AE /* game2048Tests */,
				D0AFF7252AA432D400F800AE /* game2048UITests */,
			);
		};
/* End PBXProject section */

/* Begin PBXResourcesBuildPhase section */
		D0AFF7092AA432D300F800AE /* Resources */ = {
			isa = PBXResourcesBuildPhase;
			buildActionMask = 2147483647;
			files = (
				D0AFF7172AA432D400F800AE /* Preview Assets.xcassets in Resources */,
				D0AFF7132AA432D400F800AE /* Assets.xcassets in Resources */,
			);
			runOnlyForDeploymentPostprocessing = 0;
		};
		D0AFF71A2AA432D400F800AE /* Resources */ = {
			isa = PBXResourcesBuildPhase;
			buildActionMask = 2147483647;
			files = (
			);
			runOnlyForDeploymentPostprocessing = 0;
		};
		D0AFF7242AA432D400F800AE /* Resources */ = {
			isa = PBXResourcesBuildPhase;
			buildActionMask = 2147483647;
			files = (
			);
			runOnlyForDeploymentPostprocessing = 0;
		};
/* End PBXResourcesBuildPhase section */

/* Begin PBXSourcesBuildPhase section */
		D0AFF7072AA432D300F800AE /* Sources */ = {
			isa = PBXSourcesBuildPhase;
			buildActionMask = 2147483647;
			files = (
				D0AFF7442AA4374800F800AE /* MVIContainer.swift in Sources */,
				D0AFF74A2AA4382D00F800AE /* MainScreenIntentProtocol.swift in Sources */,
				D0AFF7462AA437A700F800AE /* MainScreenIntent.swift in Sources */,
				D0AFF74F2AA4389E00F800AE /* GameModeEnum.swift in Sources */,
				D0AFF7482AA437BD00F800AE /* MainScreenModel.swift in Sources */,
				D0AFF74D2AA4385A00F800AE /* MainScreenModelProtocols.swift in Sources */,
				D0AFF7112AA432D300F800AE /* ContentView.swift in Sources */,
				D0AFF75B2AA442CD00F800AE /* ViewConst.swift in Sources */,
				D0AFF7412AA433EA00F800AE /* MainScreen.swift in Sources */,
				D0AFF70F2AA432D300F800AE /* game2048App.swift in Sources */,
				D0AFF7572AA4422800F800AE /* ColorExtension.swift in Sources */,
			);
			runOnlyForDeploymentPostprocessing = 0;
		};
		D0AFF7182AA432D400F800AE /* Sources */ = {
			isa = PBXSourcesBuildPhase;
			buildActionMask = 2147483647;
			files = (
				D0AFF7212AA432D400F800AE /* game2048Tests.swift in Sources */,
				D0AFF7522AA43B5C00F800AE /* GameModeEnum_정상작동테스트.swift in Sources */,
			);
			runOnlyForDeploymentPostprocessing = 0;
		};
		D0AFF7222AA432D400F800AE /* Sources */ = {
			isa = PBXSourcesBuildPhase;
			buildActionMask = 2147483647;
			files = (
				D0AFF72D2AA432D400F800AE /* game2048UITestsLaunchTests.swift in Sources */,
				D0AFF72B2AA432D400F800AE /* game2048UITests.swift in Sources */,
			);
			runOnlyForDeploymentPostprocessing = 0;
		};
/* End PBXSourcesBuildPhase section */

/* Begin PBXTargetDependency section */
		D0AFF71E2AA432D400F800AE /* PBXTargetDependency */ = {
			isa = PBXTargetDependency;
			target = D0AFF70A2AA432D300F800AE /* game2048 */;
			targetProxy = D0AFF71D2AA432D400F800AE /* PBXContainerItemProxy */;
		};
		D0AFF7282AA432D400F800AE /* PBXTargetDependency */ = {
			isa = PBXTargetDependency;
			target = D0AFF70A2AA432D300F800AE /* game2048 */;
			targetProxy = D0AFF7272AA432D400F800AE /* PBXContainerItemProxy */;
		};
/* End PBXTargetDependency section */

/* Begin XCBuildConfiguration section */
		D0AFF72E2AA432D400F800AE /* Debug */ = {
			isa = XCBuildConfiguration;
			buildSettings = {
				ALWAYS_SEARCH_USER_PATHS = NO;
				CLANG_ANALYZER_NONNULL = YES;
				CLANG_ANALYZER_NUMBER_OBJECT_CONVERSION = YES_AGGRESSIVE;
				CLANG_CXX_LANGUAGE_STANDARD = "gnu++20";
				CLANG_ENABLE_MODULES = YES;
				CLANG_ENABLE_OBJC_ARC = YES;
				CLANG_ENABLE_OBJC_WEAK = YES;
				CLANG_WARN_BLOCK_CAPTURE_AUTORELEASING = YES;
				CLANG_WARN_BOOL_CONVERSION = YES;
				CLANG_WARN_COMMA = YES;
				CLANG_WARN_CONSTANT_CONVERSION = YES;
				CLANG_WARN_DEPRECATED_OBJC_IMPLEMENTATIONS = YES;
				CLANG_WARN_DIRECT_OBJC_ISA_USAGE = YES_ERROR;
				CLANG_WARN_DOCUMENTATION_COMMENTS = YES;
				CLANG_WARN_EMPTY_BODY = YES;
				CLANG_WARN_ENUM_CONVERSION = YES;
				CLANG_WARN_INFINITE_RECURSION = YES;
				CLANG_WARN_INT_CONVERSION = YES;
				CLANG_WARN_NON_LITERAL_NULL_CONVERSION = YES;
				CLANG_WARN_OBJC_IMPLICIT_RETAIN_SELF = YES;
				CLANG_WARN_OBJC_LITERAL_CONVERSION = YES;
				CLANG_WARN_OBJC_ROOT_CLASS = YES_ERROR;
				CLANG_WARN_QUOTED_INCLUDE_IN_FRAMEWORK_HEADER = YES;
				CLANG_WARN_RANGE_LOOP_ANALYSIS = YES;
				CLANG_WARN_STRICT_PROTOTYPES = YES;
				CLANG_WARN_SUSPICIOUS_MOVE = YES;
				CLANG_WARN_UNGUARDED_AVAILABILITY = YES_AGGRESSIVE;
				CLANG_WARN_UNREACHABLE_CODE = YES;
				CLANG_WARN__DUPLICATE_METHOD_MATCH = YES;
				COPY_PHASE_STRIP = NO;
				DEBUG_INFORMATION_FORMAT = dwarf;
				ENABLE_STRICT_OBJC_MSGSEND = YES;
				ENABLE_TESTABILITY = YES;
				GCC_C_LANGUAGE_STANDARD = gnu11;
				GCC_DYNAMIC_NO_PIC = NO;
				GCC_NO_COMMON_BLOCKS = YES;
				GCC_OPTIMIZATION_LEVEL = 0;
				GCC_PREPROCESSOR_DEFINITIONS = (
					"DEBUG=1",
					"$(inherited)",
				);
				GCC_WARN_64_TO_32_BIT_CONVERSION = YES;
				GCC_WARN_ABOUT_RETURN_TYPE = YES_ERROR;
				GCC_WARN_UNDECLARED_SELECTOR = YES;
				GCC_WARN_UNINITIALIZED_AUTOS = YES_AGGRESSIVE;
				GCC_WARN_UNUSED_FUNCTION = YES;
				GCC_WARN_UNUSED_VARIABLE = YES;
				MTL_ENABLE_DEBUG_INFO = INCLUDE_SOURCE;
				MTL_FAST_MATH = YES;
				ONLY_ACTIVE_ARCH = YES;
				SWIFT_ACTIVE_COMPILATION_CONDITIONS = DEBUG;
				SWIFT_OPTIMIZATION_LEVEL = "-Onone";
			};
			name = Debug;
		};
		D0AFF72F2AA432D400F800AE /* Release */ = {
			isa = XCBuildConfiguration;
			buildSettings = {
				ALWAYS_SEARCH_USER_PATHS = NO;
				CLANG_ANALYZER_NONNULL = YES;
				CLANG_ANALYZER_NUMBER_OBJECT_CONVERSION = YES_AGGRESSIVE;
				CLANG_CXX_LANGUAGE_STANDARD = "gnu++20";
				CLANG_ENABLE_MODULES = YES;
				CLANG_ENABLE_OBJC_ARC = YES;
				CLANG_ENABLE_OBJC_WEAK = YES;
				CLANG_WARN_BLOCK_CAPTURE_AUTORELEASING = YES;
				CLANG_WARN_BOOL_CONVERSION = YES;
				CLANG_WARN_COMMA = YES;
				CLANG_WARN_CONSTANT_CONVERSION = YES;
				CLANG_WARN_DEPRECATED_OBJC_IMPLEMENTATIONS = YES;
				CLANG_WARN_DIRECT_OBJC_ISA_USAGE = YES_ERROR;
				CLANG_WARN_DOCUMENTATION_COMMENTS = YES;
				CLANG_WARN_EMPTY_BODY = YES;
				CLANG_WARN_ENUM_CONVERSION = YES;
				CLANG_WARN_INFINITE_RECURSION = YES;
				CLANG_WARN_INT_CONVERSION = YES;
				CLANG_WARN_NON_LITERAL_NULL_CONVERSION = YES;
				CLANG_WARN_OBJC_IMPLICIT_RETAIN_SELF = YES;
				CLANG_WARN_OBJC_LITERAL_CONVERSION = YES;
				CLANG_WARN_OBJC_ROOT_CLASS = YES_ERROR;
				CLANG_WARN_QUOTED_INCLUDE_IN_FRAMEWORK_HEADER = YES;
				CLANG_WARN_RANGE_LOOP_ANALYSIS = YES;
				CLANG_WARN_STRICT_PROTOTYPES = YES;
				CLANG_WARN_SUSPICIOUS_MOVE = YES;
				CLANG_WARN_UNGUARDED_AVAILABILITY = YES_AGGRESSIVE;
				CLANG_WARN_UNREACHABLE_CODE = YES;
				CLANG_WARN__DUPLICATE_METHOD_MATCH = YES;
				COPY_PHASE_STRIP = NO;
				DEBUG_INFORMATION_FORMAT = "dwarf-with-dsym";
				ENABLE_NS_ASSERTIONS = NO;
				ENABLE_STRICT_OBJC_MSGSEND = YES;
				GCC_C_LANGUAGE_STANDARD = gnu11;
				GCC_NO_COMMON_BLOCKS = YES;
				GCC_WARN_64_TO_32_BIT_CONVERSION = YES;
				GCC_WARN_ABOUT_RETURN_TYPE = YES_ERROR;
				GCC_WARN_UNDECLARED_SELECTOR = YES;
				GCC_WARN_UNINITIALIZED_AUTOS = YES_AGGRESSIVE;
				GCC_WARN_UNUSED_FUNCTION = YES;
				GCC_WARN_UNUSED_VARIABLE = YES;
				MTL_ENABLE_DEBUG_INFO = NO;
				MTL_FAST_MATH = YES;
				SWIFT_COMPILATION_MODE = wholemodule;
				SWIFT_OPTIMIZATION_LEVEL = "-O";
			};
			name = Release;
		};
		D0AFF7312AA432D400F800AE /* Debug */ = {
			isa = XCBuildConfiguration;
			buildSettings = {
				ASSETCATALOG_COMPILER_APPICON_NAME = AppIcon;
				ASSETCATALOG_COMPILER_GLOBAL_ACCENT_COLOR_NAME = AccentColor;
				CODE_SIGN_ENTITLEMENTS = game2048/game2048.entitlements;
				CODE_SIGN_STYLE = Automatic;
				CURRENT_PROJECT_VERSION = 1;
				DEVELOPMENT_ASSET_PATHS = "\"game2048/Preview Content\"";
				DEVELOPMENT_TEAM = LTM3A2DW9P;
				ENABLE_HARDENED_RUNTIME = YES;
				ENABLE_PREVIEWS = YES;
				GENERATE_INFOPLIST_FILE = YES;
				"INFOPLIST_KEY_UIApplicationSceneManifest_Generation[sdk=iphoneos*]" = YES;
				"INFOPLIST_KEY_UIApplicationSceneManifest_Generation[sdk=iphonesimulator*]" = YES;
				"INFOPLIST_KEY_UIApplicationSupportsIndirectInputEvents[sdk=iphoneos*]" = YES;
				"INFOPLIST_KEY_UIApplicationSupportsIndirectInputEvents[sdk=iphonesimulator*]" = YES;
				"INFOPLIST_KEY_UILaunchScreen_Generation[sdk=iphoneos*]" = YES;
				"INFOPLIST_KEY_UILaunchScreen_Generation[sdk=iphonesimulator*]" = YES;
				"INFOPLIST_KEY_UIStatusBarStyle[sdk=iphoneos*]" = UIStatusBarStyleDefault;
				"INFOPLIST_KEY_UIStatusBarStyle[sdk=iphonesimulator*]" = UIStatusBarStyleDefault;
				INFOPLIST_KEY_UISupportedInterfaceOrientations_iPad = "UIInterfaceOrientationPortrait UIInterfaceOrientationPortraitUpsideDown UIInterfaceOrientationLandscapeLeft UIInterfaceOrientationLandscapeRight";
				INFOPLIST_KEY_UISupportedInterfaceOrientations_iPhone = "UIInterfaceOrientationPortrait UIInterfaceOrientationLandscapeLeft UIInterfaceOrientationLandscapeRight";
				IPHONEOS_DEPLOYMENT_TARGET = 16.4;
				LD_RUNPATH_SEARCH_PATHS = "@executable_path/Frameworks";
				"LD_RUNPATH_SEARCH_PATHS[sdk=macosx*]" = "@executable_path/../Frameworks";
				MACOSX_DEPLOYMENT_TARGET = 13.3;
				MARKETING_VERSION = 1.0;
				PRODUCT_BUNDLE_IDENTIFIER = kr.co.jaewoong.game2048;
				PRODUCT_NAME = "$(TARGET_NAME)";
				SDKROOT = auto;
				SUPPORTED_PLATFORMS = "iphoneos iphonesimulator macosx";
				SWIFT_EMIT_LOC_STRINGS = YES;
				SWIFT_VERSION = 5.0;
				TARGETED_DEVICE_FAMILY = "1,2";
			};
			name = Debug;
		};
		D0AFF7322AA432D400F800AE /* Release */ = {
			isa = XCBuildConfiguration;
			buildSettings = {
				ASSETCATALOG_COMPILER_APPICON_NAME = AppIcon;
				ASSETCATALOG_COMPILER_GLOBAL_ACCENT_COLOR_NAME = AccentColor;
				CODE_SIGN_ENTITLEMENTS = game2048/game2048.entitlements;
				CODE_SIGN_STYLE = Automatic;
				CURRENT_PROJECT_VERSION = 1;
				DEVELOPMENT_ASSET_PATHS = "\"game2048/Preview Content\"";
				DEVELOPMENT_TEAM = LTM3A2DW9P;
				ENABLE_HARDENED_RUNTIME = YES;
				ENABLE_PREVIEWS = YES;
				GENERATE_INFOPLIST_FILE = YES;
				"INFOPLIST_KEY_UIApplicationSceneManifest_Generation[sdk=iphoneos*]" = YES;
				"INFOPLIST_KEY_UIApplicationSceneManifest_Generation[sdk=iphonesimulator*]" = YES;
				"INFOPLIST_KEY_UIApplicationSupportsIndirectInputEvents[sdk=iphoneos*]" = YES;
				"INFOPLIST_KEY_UIApplicationSupportsIndirectInputEvents[sdk=iphonesimulator*]" = YES;
				"INFOPLIST_KEY_UILaunchScreen_Generation[sdk=iphoneos*]" = YES;
				"INFOPLIST_KEY_UILaunchScreen_Generation[sdk=iphonesimulator*]" = YES;
				"INFOPLIST_KEY_UIStatusBarStyle[sdk=iphoneos*]" = UIStatusBarStyleDefault;
				"INFOPLIST_KEY_UIStatusBarStyle[sdk=iphonesimulator*]" = UIStatusBarStyleDefault;
				INFOPLIST_KEY_UISupportedInterfaceOrientations_iPad = "UIInterfaceOrientationPortrait UIInterfaceOrientationPortraitUpsideDown UIInterfaceOrientationLandscapeLeft UIInterfaceOrientationLandscapeRight";
				INFOPLIST_KEY_UISupportedInterfaceOrientations_iPhone = "UIInterfaceOrientationPortrait UIInterfaceOrientationLandscapeLeft UIInterfaceOrientationLandscapeRight";
				IPHONEOS_DEPLOYMENT_TARGET = 16.4;
				LD_RUNPATH_SEARCH_PATHS = "@executable_path/Frameworks";
				"LD_RUNPATH_SEARCH_PATHS[sdk=macosx*]" = "@executable_path/../Frameworks";
				MACOSX_DEPLOYMENT_TARGET = 13.3;
				MARKETING_VERSION = 1.0;
				PRODUCT_BUNDLE_IDENTIFIER = kr.co.jaewoong.game2048;
				PRODUCT_NAME = "$(TARGET_NAME)";
				SDKROOT = auto;
				SUPPORTED_PLATFORMS = "iphoneos iphonesimulator macosx";
				SWIFT_EMIT_LOC_STRINGS = YES;
				SWIFT_VERSION = 5.0;
				TARGETED_DEVICE_FAMILY = "1,2";
			};
			name = Release;
		};
		D0AFF7342AA432D400F800AE /* Debug */ = {
			isa = XCBuildConfiguration;
			buildSettings = {
				ALWAYS_EMBED_SWIFT_STANDARD_LIBRARIES = YES;
				BUNDLE_LOADER = "$(TEST_HOST)";
				CODE_SIGN_STYLE = Automatic;
				CURRENT_PROJECT_VERSION = 1;
				DEVELOPMENT_TEAM = LTM3A2DW9P;
				GENERATE_INFOPLIST_FILE = YES;
				IPHONEOS_DEPLOYMENT_TARGET = 16.4;
				MACOSX_DEPLOYMENT_TARGET = 13.3;
				MARKETING_VERSION = 1.0;
				PRODUCT_BUNDLE_IDENTIFIER = kr.co.jaewoong.game2048Tests;
				PRODUCT_NAME = "$(TARGET_NAME)";
				SDKROOT = auto;
				SUPPORTED_PLATFORMS = "iphoneos iphonesimulator macosx";
				SWIFT_EMIT_LOC_STRINGS = NO;
				SWIFT_VERSION = 5.0;
				TARGETED_DEVICE_FAMILY = "1,2";
				TEST_HOST = "$(BUILT_PRODUCTS_DIR)/game2048.app/$(BUNDLE_EXECUTABLE_FOLDER_PATH)/game2048";
			};
			name = Debug;
		};
		D0AFF7352AA432D400F800AE /* Release */ = {
			isa = XCBuildConfiguration;
			buildSettings = {
				ALWAYS_EMBED_SWIFT_STANDARD_LIBRARIES = YES;
				BUNDLE_LOADER = "$(TEST_HOST)";
				CODE_SIGN_STYLE = Automatic;
				CURRENT_PROJECT_VERSION = 1;
				DEVELOPMENT_TEAM = LTM3A2DW9P;
				GENERATE_INFOPLIST_FILE = YES;
				IPHONEOS_DEPLOYMENT_TARGET = 16.4;
				MACOSX_DEPLOYMENT_TARGET = 13.3;
				MARKETING_VERSION = 1.0;
				PRODUCT_BUNDLE_IDENTIFIER = kr.co.jaewoong.game2048Tests;
				PRODUCT_NAME = "$(TARGET_NAME)";
				SDKROOT = auto;
				SUPPORTED_PLATFORMS = "iphoneos iphonesimulator macosx";
				SWIFT_EMIT_LOC_STRINGS = NO;
				SWIFT_VERSION = 5.0;
				TARGETED_DEVICE_FAMILY = "1,2";
				TEST_HOST = "$(BUILT_PRODUCTS_DIR)/game2048.app/$(BUNDLE_EXECUTABLE_FOLDER_PATH)/game2048";
			};
			name = Release;
		};
		D0AFF7372AA432D400F800AE /* Debug */ = {
			isa = XCBuildConfiguration;
			buildSettings = {
				ALWAYS_EMBED_SWIFT_STANDARD_LIBRARIES = YES;
				CODE_SIGN_STYLE = Automatic;
				CURRENT_PROJECT_VERSION = 1;
				DEVELOPMENT_TEAM = LTM3A2DW9P;
				GENERATE_INFOPLIST_FILE = YES;
				IPHONEOS_DEPLOYMENT_TARGET = 16.4;
				MACOSX_DEPLOYMENT_TARGET = 13.3;
				MARKETING_VERSION = 1.0;
				PRODUCT_BUNDLE_IDENTIFIER = kr.co.jaewoong.game2048UITests;
				PRODUCT_NAME = "$(TARGET_NAME)";
				SDKROOT = auto;
				SUPPORTED_PLATFORMS = "iphoneos iphonesimulator macosx";
				SWIFT_EMIT_LOC_STRINGS = NO;
				SWIFT_VERSION = 5.0;
				TARGETED_DEVICE_FAMILY = "1,2";
				TEST_TARGET_NAME = game2048;
			};
			name = Debug;
		};
		D0AFF7382AA432D400F800AE /* Release */ = {
			isa = XCBuildConfiguration;
			buildSettings = {
				ALWAYS_EMBED_SWIFT_STANDARD_LIBRARIES = YES;
				CODE_SIGN_STYLE = Automatic;
				CURRENT_PROJECT_VERSION = 1;
				DEVELOPMENT_TEAM = LTM3A2DW9P;
				GENERATE_INFOPLIST_FILE = YES;
				IPHONEOS_DEPLOYMENT_TARGET = 16.4;
				MACOSX_DEPLOYMENT_TARGET = 13.3;
				MARKETING_VERSION = 1.0;
				PRODUCT_BUNDLE_IDENTIFIER = kr.co.jaewoong.game2048UITests;
				PRODUCT_NAME = "$(TARGET_NAME)";
				SDKROOT = auto;
				SUPPORTED_PLATFORMS = "iphoneos iphonesimulator macosx";
				SWIFT_EMIT_LOC_STRINGS = NO;
				SWIFT_VERSION = 5.0;
				TARGETED_DEVICE_FAMILY = "1,2";
				TEST_TARGET_NAME = game2048;
			};
			name = Release;
		};
/* End XCBuildConfiguration section */

/* Begin XCConfigurationList section */
		D0AFF7062AA432D300F800AE /* Build configuration list for PBXProject "game2048" */ = {
			isa = XCConfigurationList;
			buildConfigurations = (
				D0AFF72E2AA432D400F800AE /* Debug */,
				D0AFF72F2AA432D400F800AE /* Release */,
			);
			defaultConfigurationIsVisible = 0;
			defaultConfigurationName = Release;
		};
		D0AFF7302AA432D400F800AE /* Build configuration list for PBXNativeTarget "game2048" */ = {
			isa = XCConfigurationList;
			buildConfigurations = (
				D0AFF7312AA432D400F800AE /* Debug */,
				D0AFF7322AA432D400F800AE /* Release */,
			);
			defaultConfigurationIsVisible = 0;
			defaultConfigurationName = Release;
		};
		D0AFF7332AA432D400F800AE /* Build configuration list for PBXNativeTarget "game2048Tests" */ = {
			isa = XCConfigurationList;
			buildConfigurations = (
				D0AFF7342AA432D400F800AE /* Debug */,
				D0AFF7352AA432D400F800AE /* Release */,
			);
			defaultConfigurationIsVisible = 0;
			defaultConfigurationName = Release;
		};
		D0AFF7362AA432D400F800AE /* Build configuration list for PBXNativeTarget "game2048UITests" */ = {
			isa = XCConfigurationList;
			buildConfigurations = (
				D0AFF7372AA432D400F800AE /* Debug */,
				D0AFF7382AA432D400F800AE /* Release */,
			);
			defaultConfigurationIsVisible = 0;
			defaultConfigurationName = Release;
		};
/* End XCConfigurationList section */
	};
	rootObject = D0AFF7032AA432D300F800AE /* Project object */;
}
