// !$*UTF8*$!
{
	archiveVersion = 1;
	classes = {
	};
	objectVersion = 56;
	objects = {

/* Begin PBXBuildFile section */
		D0C9F7672ADC0DCF00C8E310 /* deApp.swift in Sources */ = {isa = PBXBuildFile; fileRef = D0C9F7662ADC0DCF00C8E310 /* deApp.swift */; };
		D0C9F7692ADC0DCF00C8E310 /* ContentView.swift in Sources */ = {isa = PBXBuildFile; fileRef = D0C9F7682ADC0DCF00C8E310 /* ContentView.swift */; };
		D0C9F76B2ADC0DCF00C8E310 /* Assets.xcassets in Resources */ = {isa = PBXBuildFile; fileRef = D0C9F76A2ADC0DCF00C8E310 /* Assets.xcassets */; };
		D0C9F76F2ADC0DCF00C8E310 /* Preview Assets.xcassets in Resources */ = {isa = PBXBuildFile; fileRef = D0C9F76E2ADC0DCF00C8E310 /* Preview Assets.xcassets */; };
		D0C9F7792ADC0DD000C8E310 /* deTests.swift in Sources */ = {isa = PBXBuildFile; fileRef = D0C9F7782ADC0DD000C8E310 /* deTests.swift */; };
		D0C9F7832ADC0DD000C8E310 /* deUITests.swift in Sources */ = {isa = PBXBuildFile; fileRef = D0C9F7822ADC0DD000C8E310 /* deUITests.swift */; };
		D0C9F7852ADC0DD000C8E310 /* deUITestsLaunchTests.swift in Sources */ = {isa = PBXBuildFile; fileRef = D0C9F7842ADC0DD000C8E310 /* deUITestsLaunchTests.swift */; };
/* End PBXBuildFile section */

/* Begin PBXContainerItemProxy section */
		D0C9F7752ADC0DD000C8E310 /* PBXContainerItemProxy */ = {
			isa = PBXContainerItemProxy;
			containerPortal = D0C9F75B2ADC0DCF00C8E310 /* Project object */;
			proxyType = 1;
			remoteGlobalIDString = D0C9F7622ADC0DCF00C8E310;
			remoteInfo = de;
		};
		D0C9F77F2ADC0DD000C8E310 /* PBXContainerItemProxy */ = {
			isa = PBXContainerItemProxy;
			containerPortal = D0C9F75B2ADC0DCF00C8E310 /* Project object */;
			proxyType = 1;
			remoteGlobalIDString = D0C9F7622ADC0DCF00C8E310;
			remoteInfo = de;
		};
/* End PBXContainerItemProxy section */

/* Begin PBXFileReference section */
		D0C9F7632ADC0DCF00C8E310 /* de.app */ = {isa = PBXFileReference; explicitFileType = wrapper.application; includeInIndex = 0; path = de.app; sourceTree = BUILT_PRODUCTS_DIR; };
		D0C9F7662ADC0DCF00C8E310 /* deApp.swift */ = {isa = PBXFileReference; lastKnownFileType = sourcecode.swift; path = deApp.swift; sourceTree = "<group>"; };
		D0C9F7682ADC0DCF00C8E310 /* ContentView.swift */ = {isa = PBXFileReference; lastKnownFileType = sourcecode.swift; path = ContentView.swift; sourceTree = "<group>"; };
		D0C9F76A2ADC0DCF00C8E310 /* Assets.xcassets */ = {isa = PBXFileReference; lastKnownFileType = folder.assetcatalog; path = Assets.xcassets; sourceTree = "<group>"; };
		D0C9F76C2ADC0DCF00C8E310 /* de.entitlements */ = {isa = PBXFileReference; lastKnownFileType = text.plist.entitlements; path = de.entitlements; sourceTree = "<group>"; };
		D0C9F76E2ADC0DCF00C8E310 /* Preview Assets.xcassets */ = {isa = PBXFileReference; lastKnownFileType = folder.assetcatalog; path = "Preview Assets.xcassets"; sourceTree = "<group>"; };
		D0C9F7742ADC0DD000C8E310 /* deTests.xctest */ = {isa = PBXFileReference; explicitFileType = wrapper.cfbundle; includeInIndex = 0; path = deTests.xctest; sourceTree = BUILT_PRODUCTS_DIR; };
		D0C9F7782ADC0DD000C8E310 /* deTests.swift */ = {isa = PBXFileReference; lastKnownFileType = sourcecode.swift; path = deTests.swift; sourceTree = "<group>"; };
		D0C9F77E2ADC0DD000C8E310 /* deUITests.xctest */ = {isa = PBXFileReference; explicitFileType = wrapper.cfbundle; includeInIndex = 0; path = deUITests.xctest; sourceTree = BUILT_PRODUCTS_DIR; };
		D0C9F7822ADC0DD000C8E310 /* deUITests.swift */ = {isa = PBXFileReference; lastKnownFileType = sourcecode.swift; path = deUITests.swift; sourceTree = "<group>"; };
		D0C9F7842ADC0DD000C8E310 /* deUITestsLaunchTests.swift */ = {isa = PBXFileReference; lastKnownFileType = sourcecode.swift; path = deUITestsLaunchTests.swift; sourceTree = "<group>"; };
/* End PBXFileReference section */

/* Begin PBXFrameworksBuildPhase section */
		D0C9F7602ADC0DCF00C8E310 /* Frameworks */ = {
			isa = PBXFrameworksBuildPhase;
			buildActionMask = 2147483647;
			files = (
			);
			runOnlyForDeploymentPostprocessing = 0;
		};
		D0C9F7712ADC0DD000C8E310 /* Frameworks */ = {
			isa = PBXFrameworksBuildPhase;
			buildActionMask = 2147483647;
			files = (
			);
			runOnlyForDeploymentPostprocessing = 0;
		};
		D0C9F77B2ADC0DD000C8E310 /* Frameworks */ = {
			isa = PBXFrameworksBuildPhase;
			buildActionMask = 2147483647;
			files = (
			);
			runOnlyForDeploymentPostprocessing = 0;
		};
/* End PBXFrameworksBuildPhase section */

/* Begin PBXGroup section */
		D0C9F75A2ADC0DCF00C8E310 = {
			isa = PBXGroup;
			children = (
				D0C9F7652ADC0DCF00C8E310 /* de */,
				D0C9F7772ADC0DD000C8E310 /* deTests */,
				D0C9F7812ADC0DD000C8E310 /* deUITests */,
				D0C9F7642ADC0DCF00C8E310 /* Products */,
			);
			sourceTree = "<group>";
		};
		D0C9F7642ADC0DCF00C8E310 /* Products */ = {
			isa = PBXGroup;
			children = (
				D0C9F7632ADC0DCF00C8E310 /* de.app */,
				D0C9F7742ADC0DD000C8E310 /* deTests.xctest */,
				D0C9F77E2ADC0DD000C8E310 /* deUITests.xctest */,
			);
			name = Products;
			sourceTree = "<group>";
		};
		D0C9F7652ADC0DCF00C8E310 /* de */ = {
			isa = PBXGroup;
			children = (
				D0C9F7662ADC0DCF00C8E310 /* deApp.swift */,
				D0C9F7682ADC0DCF00C8E310 /* ContentView.swift */,
				D0C9F76A2ADC0DCF00C8E310 /* Assets.xcassets */,
				D0C9F76C2ADC0DCF00C8E310 /* de.entitlements */,
				D0C9F76D2ADC0DCF00C8E310 /* Preview Content */,
			);
			path = de;
			sourceTree = "<group>";
		};
		D0C9F76D2ADC0DCF00C8E310 /* Preview Content */ = {
			isa = PBXGroup;
			children = (
				D0C9F76E2ADC0DCF00C8E310 /* Preview Assets.xcassets */,
			);
			path = "Preview Content";
			sourceTree = "<group>";
		};
		D0C9F7772ADC0DD000C8E310 /* deTests */ = {
			isa = PBXGroup;
			children = (
				D0C9F7782ADC0DD000C8E310 /* deTests.swift */,
			);
			path = deTests;
			sourceTree = "<group>";
		};
		D0C9F7812ADC0DD000C8E310 /* deUITests */ = {
			isa = PBXGroup;
			children = (
				D0C9F7822ADC0DD000C8E310 /* deUITests.swift */,
				D0C9F7842ADC0DD000C8E310 /* deUITestsLaunchTests.swift */,
			);
			path = deUITests;
			sourceTree = "<group>";
		};
/* End PBXGroup section */

/* Begin PBXNativeTarget section */
		D0C9F7622ADC0DCF00C8E310 /* de */ = {
			isa = PBXNativeTarget;
			buildConfigurationList = D0C9F7882ADC0DD000C8E310 /* Build configuration list for PBXNativeTarget "de" */;
			buildPhases = (
				D0C9F75F2ADC0DCF00C8E310 /* Sources */,
				D0C9F7602ADC0DCF00C8E310 /* Frameworks */,
				D0C9F7612ADC0DCF00C8E310 /* Resources */,
			);
			buildRules = (
			);
			dependencies = (
			);
			name = de;
			productName = de;
			productReference = D0C9F7632ADC0DCF00C8E310 /* de.app */;
			productType = "com.apple.product-type.application";
		};
		D0C9F7732ADC0DD000C8E310 /* deTests */ = {
			isa = PBXNativeTarget;
			buildConfigurationList = D0C9F78B2ADC0DD000C8E310 /* Build configuration list for PBXNativeTarget "deTests" */;
			buildPhases = (
				D0C9F7702ADC0DD000C8E310 /* Sources */,
				D0C9F7712ADC0DD000C8E310 /* Frameworks */,
				D0C9F7722ADC0DD000C8E310 /* Resources */,
			);
			buildRules = (
			);
			dependencies = (
				D0C9F7762ADC0DD000C8E310 /* PBXTargetDependency */,
			);
			name = deTests;
			productName = deTests;
			productReference = D0C9F7742ADC0DD000C8E310 /* deTests.xctest */;
			productType = "com.apple.product-type.bundle.unit-test";
		};
		D0C9F77D2ADC0DD000C8E310 /* deUITests */ = {
			isa = PBXNativeTarget;
			buildConfigurationList = D0C9F78E2ADC0DD000C8E310 /* Build configuration list for PBXNativeTarget "deUITests" */;
			buildPhases = (
				D0C9F77A2ADC0DD000C8E310 /* Sources */,
				D0C9F77B2ADC0DD000C8E310 /* Frameworks */,
				D0C9F77C2ADC0DD000C8E310 /* Resources */,
			);
			buildRules = (
			);
			dependencies = (
				D0C9F7802ADC0DD000C8E310 /* PBXTargetDependency */,
			);
			name = deUITests;
			productName = deUITests;
			productReference = D0C9F77E2ADC0DD000C8E310 /* deUITests.xctest */;
			productType = "com.apple.product-type.bundle.ui-testing";
		};
/* End PBXNativeTarget section */

/* Begin PBXProject section */
		D0C9F75B2ADC0DCF00C8E310 /* Project object */ = {
			isa = PBXProject;
			attributes = {
				BuildIndependentTargetsInParallel = 1;
				LastSwiftUpdateCheck = 1430;
				LastUpgradeCheck = 1430;
				TargetAttributes = {
					D0C9F7622ADC0DCF00C8E310 = {
						CreatedOnToolsVersion = 14.3.1;
					};
					D0C9F7732ADC0DD000C8E310 = {
						CreatedOnToolsVersion = 14.3.1;
						TestTargetID = D0C9F7622ADC0DCF00C8E310;
					};
					D0C9F77D2ADC0DD000C8E310 = {
						CreatedOnToolsVersion = 14.3.1;
						TestTargetID = D0C9F7622ADC0DCF00C8E310;
					};
				};
			};
			buildConfigurationList = D0C9F75E2ADC0DCF00C8E310 /* Build configuration list for PBXProject "de" */;
			compatibilityVersion = "Xcode 14.0";
			developmentRegion = en;
			hasScannedForEncodings = 0;
			knownRegions = (
				en,
				Base,
			);
			mainGroup = D0C9F75A2ADC0DCF00C8E310;
			productRefGroup = D0C9F7642ADC0DCF00C8E310 /* Products */;
			projectDirPath = "";
			projectRoot = "";
			targets = (
				D0C9F7622ADC0DCF00C8E310 /* de */,
				D0C9F7732ADC0DD000C8E310 /* deTests */,
				D0C9F77D2ADC0DD000C8E310 /* deUITests */,
			);
		};
/* End PBXProject section */

/* Begin PBXResourcesBuildPhase section */
		D0C9F7612ADC0DCF00C8E310 /* Resources */ = {
			isa = PBXResourcesBuildPhase;
			buildActionMask = 2147483647;
			files = (
				D0C9F76F2ADC0DCF00C8E310 /* Preview Assets.xcassets in Resources */,
				D0C9F76B2ADC0DCF00C8E310 /* Assets.xcassets in Resources */,
			);
			runOnlyForDeploymentPostprocessing = 0;
		};
		D0C9F7722ADC0DD000C8E310 /* Resources */ = {
			isa = PBXResourcesBuildPhase;
			buildActionMask = 2147483647;
			files = (
			);
			runOnlyForDeploymentPostprocessing = 0;
		};
		D0C9F77C2ADC0DD000C8E310 /* Resources */ = {
			isa = PBXResourcesBuildPhase;
			buildActionMask = 2147483647;
			files = (
			);
			runOnlyForDeploymentPostprocessing = 0;
		};
/* End PBXResourcesBuildPhase section */

/* Begin PBXSourcesBuildPhase section */
		D0C9F75F2ADC0DCF00C8E310 /* Sources */ = {
			isa = PBXSourcesBuildPhase;
			buildActionMask = 2147483647;
			files = (
				D0C9F7692ADC0DCF00C8E310 /* ContentView.swift in Sources */,
				D0C9F7672ADC0DCF00C8E310 /* deApp.swift in Sources */,
			);
			runOnlyForDeploymentPostprocessing = 0;
		};
		D0C9F7702ADC0DD000C8E310 /* Sources */ = {
			isa = PBXSourcesBuildPhase;
			buildActionMask = 2147483647;
			files = (
				D0C9F7792ADC0DD000C8E310 /* deTests.swift in Sources */,
			);
			runOnlyForDeploymentPostprocessing = 0;
		};
		D0C9F77A2ADC0DD000C8E310 /* Sources */ = {
			isa = PBXSourcesBuildPhase;
			buildActionMask = 2147483647;
			files = (
				D0C9F7832ADC0DD000C8E310 /* deUITests.swift in Sources */,
				D0C9F7852ADC0DD000C8E310 /* deUITestsLaunchTests.swift in Sources */,
			);
			runOnlyForDeploymentPostprocessing = 0;
		};
/* End PBXSourcesBuildPhase section */

/* Begin PBXTargetDependency section */
		D0C9F7762ADC0DD000C8E310 /* PBXTargetDependency */ = {
			isa = PBXTargetDependency;
			target = D0C9F7622ADC0DCF00C8E310 /* de */;
			targetProxy = D0C9F7752ADC0DD000C8E310 /* PBXContainerItemProxy */;
		};
		D0C9F7802ADC0DD000C8E310 /* PBXTargetDependency */ = {
			isa = PBXTargetDependency;
			target = D0C9F7622ADC0DCF00C8E310 /* de */;
			targetProxy = D0C9F77F2ADC0DD000C8E310 /* PBXContainerItemProxy */;
		};
/* End PBXTargetDependency section */

/* Begin XCBuildConfiguration section */
		D0C9F7862ADC0DD000C8E310 /* Debug */ = {
			isa = XCBuildConfiguration;
			buildSettings = {
				ALWAYS_SEARCH_USER_PATHS = NO;
				CLANG_ANALYZER_NONNULL = YES;
				CLANG_ANALYZER_NUMBER_OBJECT_CONVERSION = YES_AGGRESSIVE;
				CLANG_CXX_LANGUAGE_STANDARD = "gnu++20";
				CLANG_ENABLE_MODULES = YES;
				CLANG_ENABLE_OBJC_ARC = YES;
				CLANG_ENABLE_OBJC_WEAK = YES;
				CLANG_WARN_BLOCK_CAPTURE_AUTORELEASING = YES;
				CLANG_WARN_BOOL_CONVERSION = YES;
				CLANG_WARN_COMMA = YES;
				CLANG_WARN_CONSTANT_CONVERSION = YES;
				CLANG_WARN_DEPRECATED_OBJC_IMPLEMENTATIONS = YES;
				CLANG_WARN_DIRECT_OBJC_ISA_USAGE = YES_ERROR;
				CLANG_WARN_DOCUMENTATION_COMMENTS = YES;
				CLANG_WARN_EMPTY_BODY = YES;
				CLANG_WARN_ENUM_CONVERSION = YES;
				CLANG_WARN_INFINITE_RECURSION = YES;
				CLANG_WARN_INT_CONVERSION = YES;
				CLANG_WARN_NON_LITERAL_NULL_CONVERSION = YES;
				CLANG_WARN_OBJC_IMPLICIT_RETAIN_SELF = YES;
				CLANG_WARN_OBJC_LITERAL_CONVERSION = YES;
				CLANG_WARN_OBJC_ROOT_CLASS = YES_ERROR;
				CLANG_WARN_QUOTED_INCLUDE_IN_FRAMEWORK_HEADER = YES;
				CLANG_WARN_RANGE_LOOP_ANALYSIS = YES;
				CLANG_WARN_STRICT_PROTOTYPES = YES;
				CLANG_WARN_SUSPICIOUS_MOVE = YES;
				CLANG_WARN_UNGUARDED_AVAILABILITY = YES_AGGRESSIVE;
				CLANG_WARN_UNREACHABLE_CODE = YES;
				CLANG_WARN__DUPLICATE_METHOD_MATCH = YES;
				COPY_PHASE_STRIP = NO;
				DEBUG_INFORMATION_FORMAT = dwarf;
				ENABLE_STRICT_OBJC_MSGSEND = YES;
				ENABLE_TESTABILITY = YES;
				GCC_C_LANGUAGE_STANDARD = gnu11;
				GCC_DYNAMIC_NO_PIC = NO;
				GCC_NO_COMMON_BLOCKS = YES;
				GCC_OPTIMIZATION_LEVEL = 0;
				GCC_PREPROCESSOR_DEFINITIONS = (
					"DEBUG=1",
					"$(inherited)",
				);
				GCC_WARN_64_TO_32_BIT_CONVERSION = YES;
				GCC_WARN_ABOUT_RETURN_TYPE = YES_ERROR;
				GCC_WARN_UNDECLARED_SELECTOR = YES;
				GCC_WARN_UNINITIALIZED_AUTOS = YES_AGGRESSIVE;
				GCC_WARN_UNUSED_FUNCTION = YES;
				GCC_WARN_UNUSED_VARIABLE = YES;
				MTL_ENABLE_DEBUG_INFO = INCLUDE_SOURCE;
				MTL_FAST_MATH = YES;
				ONLY_ACTIVE_ARCH = YES;
				SWIFT_ACTIVE_COMPILATION_CONDITIONS = DEBUG;
				SWIFT_OPTIMIZATION_LEVEL = "-Onone";
			};
			name = Debug;
		};
		D0C9F7872ADC0DD000C8E310 /* Release */ = {
			isa = XCBuildConfiguration;
			buildSettings = {
				ALWAYS_SEARCH_USER_PATHS = NO;
				CLANG_ANALYZER_NONNULL = YES;
				CLANG_ANALYZER_NUMBER_OBJECT_CONVERSION = YES_AGGRESSIVE;
				CLANG_CXX_LANGUAGE_STANDARD = "gnu++20";
				CLANG_ENABLE_MODULES = YES;
				CLANG_ENABLE_OBJC_ARC = YES;
				CLANG_ENABLE_OBJC_WEAK = YES;
				CLANG_WARN_BLOCK_CAPTURE_AUTORELEASING = YES;
				CLANG_WARN_BOOL_CONVERSION = YES;
				CLANG_WARN_COMMA = YES;
				CLANG_WARN_CONSTANT_CONVERSION = YES;
				CLANG_WARN_DEPRECATED_OBJC_IMPLEMENTATIONS = YES;
				CLANG_WARN_DIRECT_OBJC_ISA_USAGE = YES_ERROR;
				CLANG_WARN_DOCUMENTATION_COMMENTS = YES;
				CLANG_WARN_EMPTY_BODY = YES;
				CLANG_WARN_ENUM_CONVERSION = YES;
				CLANG_WARN_INFINITE_RECURSION = YES;
				CLANG_WARN_INT_CONVERSION = YES;
				CLANG_WARN_NON_LITERAL_NULL_CONVERSION = YES;
				CLANG_WARN_OBJC_IMPLICIT_RETAIN_SELF = YES;
				CLANG_WARN_OBJC_LITERAL_CONVERSION = YES;
				CLANG_WARN_OBJC_ROOT_CLASS = YES_ERROR;
				CLANG_WARN_QUOTED_INCLUDE_IN_FRAMEWORK_HEADER = YES;
				CLANG_WARN_RANGE_LOOP_ANALYSIS = YES;
				CLANG_WARN_STRICT_PROTOTYPES = YES;
				CLANG_WARN_SUSPICIOUS_MOVE = YES;
				CLANG_WARN_UNGUARDED_AVAILABILITY = YES_AGGRESSIVE;
				CLANG_WARN_UNREACHABLE_CODE = YES;
				CLANG_WARN__DUPLICATE_METHOD_MATCH = YES;
				COPY_PHASE_STRIP = NO;
				DEBUG_INFORMATION_FORMAT = "dwarf-with-dsym";
				ENABLE_NS_ASSERTIONS = NO;
				ENABLE_STRICT_OBJC_MSGSEND = YES;
				GCC_C_LANGUAGE_STANDARD = gnu11;
				GCC_NO_COMMON_BLOCKS = YES;
				GCC_WARN_64_TO_32_BIT_CONVERSION = YES;
				GCC_WARN_ABOUT_RETURN_TYPE = YES_ERROR;
				GCC_WARN_UNDECLARED_SELECTOR = YES;
				GCC_WARN_UNINITIALIZED_AUTOS = YES_AGGRESSIVE;
				GCC_WARN_UNUSED_FUNCTION = YES;
				GCC_WARN_UNUSED_VARIABLE = YES;
				MTL_ENABLE_DEBUG_INFO = NO;
				MTL_FAST_MATH = YES;
				SWIFT_COMPILATION_MODE = wholemodule;
				SWIFT_OPTIMIZATION_LEVEL = "-O";
			};
			name = Release;
		};
		D0C9F7892ADC0DD000C8E310 /* Debug */ = {
			isa = XCBuildConfiguration;
			buildSettings = {
				ASSETCATALOG_COMPILER_APPICON_NAME = AppIcon;
				ASSETCATALOG_COMPILER_GLOBAL_ACCENT_COLOR_NAME = AccentColor;
				CODE_SIGN_ENTITLEMENTS = de/de.entitlements;
				CODE_SIGN_STYLE = Automatic;
				CURRENT_PROJECT_VERSION = 1;
				DEVELOPMENT_ASSET_PATHS = "\"de/Preview Content\"";
				DEVELOPMENT_TEAM = LTM3A2DW9P;
				ENABLE_HARDENED_RUNTIME = YES;
				ENABLE_PREVIEWS = YES;
				GENERATE_INFOPLIST_FILE = YES;
				"INFOPLIST_KEY_UIApplicationSceneManifest_Generation[sdk=iphoneos*]" = YES;
				"INFOPLIST_KEY_UIApplicationSceneManifest_Generation[sdk=iphonesimulator*]" = YES;
				"INFOPLIST_KEY_UIApplicationSupportsIndirectInputEvents[sdk=iphoneos*]" = YES;
				"INFOPLIST_KEY_UIApplicationSupportsIndirectInputEvents[sdk=iphonesimulator*]" = YES;
				"INFOPLIST_KEY_UILaunchScreen_Generation[sdk=iphoneos*]" = YES;
				"INFOPLIST_KEY_UILaunchScreen_Generation[sdk=iphonesimulator*]" = YES;
				"INFOPLIST_KEY_UIStatusBarStyle[sdk=iphoneos*]" = UIStatusBarStyleDefault;
				"INFOPLIST_KEY_UIStatusBarStyle[sdk=iphonesimulator*]" = UIStatusBarStyleDefault;
				INFOPLIST_KEY_UISupportedInterfaceOrientations_iPad = "UIInterfaceOrientationPortrait UIInterfaceOrientationPortraitUpsideDown UIInterfaceOrientationLandscapeLeft UIInterfaceOrientationLandscapeRight";
				INFOPLIST_KEY_UISupportedInterfaceOrientations_iPhone = "UIInterfaceOrientationPortrait UIInterfaceOrientationLandscapeLeft UIInterfaceOrientationLandscapeRight";
				IPHONEOS_DEPLOYMENT_TARGET = 16.4;
				LD_RUNPATH_SEARCH_PATHS = "@executable_path/Frameworks";
				"LD_RUNPATH_SEARCH_PATHS[sdk=macosx*]" = "@executable_path/../Frameworks";
				MACOSX_DEPLOYMENT_TARGET = 13.3;
				MARKETING_VERSION = 1.0;
				PRODUCT_BUNDLE_IDENTIFIER = tester.de;
				PRODUCT_NAME = "$(TARGET_NAME)";
				SDKROOT = auto;
				SUPPORTED_PLATFORMS = "iphoneos iphonesimulator macosx";
				SWIFT_EMIT_LOC_STRINGS = YES;
				SWIFT_VERSION = 5.0;
				TARGETED_DEVICE_FAMILY = "1,2";
			};
			name = Debug;
		};
		D0C9F78A2ADC0DD000C8E310 /* Release */ = {
			isa = XCBuildConfiguration;
			buildSettings = {
				ASSETCATALOG_COMPILER_APPICON_NAME = AppIcon;
				ASSETCATALOG_COMPILER_GLOBAL_ACCENT_COLOR_NAME = AccentColor;
				CODE_SIGN_ENTITLEMENTS = de/de.entitlements;
				CODE_SIGN_STYLE = Automatic;
				CURRENT_PROJECT_VERSION = 1;
				DEVELOPMENT_ASSET_PATHS = "\"de/Preview Content\"";
				DEVELOPMENT_TEAM = LTM3A2DW9P;
				ENABLE_HARDENED_RUNTIME = YES;
				ENABLE_PREVIEWS = YES;
				GENERATE_INFOPLIST_FILE = YES;
				"INFOPLIST_KEY_UIApplicationSceneManifest_Generation[sdk=iphoneos*]" = YES;
				"INFOPLIST_KEY_UIApplicationSceneManifest_Generation[sdk=iphonesimulator*]" = YES;
				"INFOPLIST_KEY_UIApplicationSupportsIndirectInputEvents[sdk=iphoneos*]" = YES;
				"INFOPLIST_KEY_UIApplicationSupportsIndirectInputEvents[sdk=iphonesimulator*]" = YES;
				"INFOPLIST_KEY_UILaunchScreen_Generation[sdk=iphoneos*]" = YES;
				"INFOPLIST_KEY_UILaunchScreen_Generation[sdk=iphonesimulator*]" = YES;
				"INFOPLIST_KEY_UIStatusBarStyle[sdk=iphoneos*]" = UIStatusBarStyleDefault;
				"INFOPLIST_KEY_UIStatusBarStyle[sdk=iphonesimulator*]" = UIStatusBarStyleDefault;
				INFOPLIST_KEY_UISupportedInterfaceOrientations_iPad = "UIInterfaceOrientationPortrait UIInterfaceOrientationPortraitUpsideDown UIInterfaceOrientationLandscapeLeft UIInterfaceOrientationLandscapeRight";
				INFOPLIST_KEY_UISupportedInterfaceOrientations_iPhone = "UIInterfaceOrientationPortrait UIInterfaceOrientationLandscapeLeft UIInterfaceOrientationLandscapeRight";
				IPHONEOS_DEPLOYMENT_TARGET = 16.4;
				LD_RUNPATH_SEARCH_PATHS = "@executable_path/Frameworks";
				"LD_RUNPATH_SEARCH_PATHS[sdk=macosx*]" = "@executable_path/../Frameworks";
				MACOSX_DEPLOYMENT_TARGET = 13.3;
				MARKETING_VERSION = 1.0;
				PRODUCT_BUNDLE_IDENTIFIER = tester.de;
				PRODUCT_NAME = "$(TARGET_NAME)";
				SDKROOT = auto;
				SUPPORTED_PLATFORMS = "iphoneos iphonesimulator macosx";
				SWIFT_EMIT_LOC_STRINGS = YES;
				SWIFT_VERSION = 5.0;
				TARGETED_DEVICE_FAMILY = "1,2";
			};
			name = Release;
		};
		D0C9F78C2ADC0DD000C8E310 /* Debug */ = {
			isa = XCBuildConfiguration;
			buildSettings = {
				ALWAYS_EMBED_SWIFT_STANDARD_LIBRARIES = YES;
				BUNDLE_LOADER = "$(TEST_HOST)";
				CODE_SIGN_STYLE = Automatic;
				CURRENT_PROJECT_VERSION = 1;
				DEVELOPMENT_TEAM = LTM3A2DW9P;
				GENERATE_INFOPLIST_FILE = YES;
				IPHONEOS_DEPLOYMENT_TARGET = 16.4;
				MACOSX_DEPLOYMENT_TARGET = 13.3;
				MARKETING_VERSION = 1.0;
				PRODUCT_BUNDLE_IDENTIFIER = tester.deTests;
				PRODUCT_NAME = "$(TARGET_NAME)";
				SDKROOT = auto;
				SUPPORTED_PLATFORMS = "iphoneos iphonesimulator macosx";
				SWIFT_EMIT_LOC_STRINGS = NO;
				SWIFT_VERSION = 5.0;
				TARGETED_DEVICE_FAMILY = "1,2";
				TEST_HOST = "$(BUILT_PRODUCTS_DIR)/de.app/$(BUNDLE_EXECUTABLE_FOLDER_PATH)/de";
			};
			name = Debug;
		};
		D0C9F78D2ADC0DD000C8E310 /* Release */ = {
			isa = XCBuildConfiguration;
			buildSettings = {
				ALWAYS_EMBED_SWIFT_STANDARD_LIBRARIES = YES;
				BUNDLE_LOADER = "$(TEST_HOST)";
				CODE_SIGN_STYLE = Automatic;
				CURRENT_PROJECT_VERSION = 1;
				DEVELOPMENT_TEAM = LTM3A2DW9P;
				GENERATE_INFOPLIST_FILE = YES;
				IPHONEOS_DEPLOYMENT_TARGET = 16.4;
				MACOSX_DEPLOYMENT_TARGET = 13.3;
				MARKETING_VERSION = 1.0;
				PRODUCT_BUNDLE_IDENTIFIER = tester.deTests;
				PRODUCT_NAME = "$(TARGET_NAME)";
				SDKROOT = auto;
				SUPPORTED_PLATFORMS = "iphoneos iphonesimulator macosx";
				SWIFT_EMIT_LOC_STRINGS = NO;
				SWIFT_VERSION = 5.0;
				TARGETED_DEVICE_FAMILY = "1,2";
				TEST_HOST = "$(BUILT_PRODUCTS_DIR)/de.app/$(BUNDLE_EXECUTABLE_FOLDER_PATH)/de";
			};
			name = Release;
		};
		D0C9F78F2ADC0DD000C8E310 /* Debug */ = {
			isa = XCBuildConfiguration;
			buildSettings = {
				ALWAYS_EMBED_SWIFT_STANDARD_LIBRARIES = YES;
				CODE_SIGN_STYLE = Automatic;
				CURRENT_PROJECT_VERSION = 1;
				DEVELOPMENT_TEAM = LTM3A2DW9P;
				GENERATE_INFOPLIST_FILE = YES;
				IPHONEOS_DEPLOYMENT_TARGET = 16.4;
				MACOSX_DEPLOYMENT_TARGET = 13.3;
				MARKETING_VERSION = 1.0;
				PRODUCT_BUNDLE_IDENTIFIER = tester.deUITests;
				PRODUCT_NAME = "$(TARGET_NAME)";
				SDKROOT = auto;
				SUPPORTED_PLATFORMS = "iphoneos iphonesimulator macosx";
				SWIFT_EMIT_LOC_STRINGS = NO;
				SWIFT_VERSION = 5.0;
				TARGETED_DEVICE_FAMILY = "1,2";
				TEST_TARGET_NAME = de;
			};
			name = Debug;
		};
		D0C9F7902ADC0DD000C8E310 /* Release */ = {
			isa = XCBuildConfiguration;
			buildSettings = {
				ALWAYS_EMBED_SWIFT_STANDARD_LIBRARIES = YES;
				CODE_SIGN_STYLE = Automatic;
				CURRENT_PROJECT_VERSION = 1;
				DEVELOPMENT_TEAM = LTM3A2DW9P;
				GENERATE_INFOPLIST_FILE = YES;
				IPHONEOS_DEPLOYMENT_TARGET = 16.4;
				MACOSX_DEPLOYMENT_TARGET = 13.3;
				MARKETING_VERSION = 1.0;
				PRODUCT_BUNDLE_IDENTIFIER = tester.deUITests;
				PRODUCT_NAME = "$(TARGET_NAME)";
				SDKROOT = auto;
				SUPPORTED_PLATFORMS = "iphoneos iphonesimulator macosx";
				SWIFT_EMIT_LOC_STRINGS = NO;
				SWIFT_VERSION = 5.0;
				TARGETED_DEVICE_FAMILY = "1,2";
				TEST_TARGET_NAME = de;
			};
			name = Release;
		};
/* End XCBuildConfiguration section */

/* Begin XCConfigurationList section */
		D0C9F75E2ADC0DCF00C8E310 /* Build configuration list for PBXProject "de" */ = {
			isa = XCConfigurationList;
			buildConfigurations = (
				D0C9F7862ADC0DD000C8E310 /* Debug */,
				D0C9F7872ADC0DD000C8E310 /* Release */,
			);
			defaultConfigurationIsVisible = 0;
			defaultConfigurationName = Release;
		};
		D0C9F7882ADC0DD000C8E310 /* Build configuration list for PBXNativeTarget "de" */ = {
			isa = XCConfigurationList;
			buildConfigurations = (
				D0C9F7892ADC0DD000C8E310 /* Debug */,
				D0C9F78A2ADC0DD000C8E310 /* Release */,
			);
			defaultConfigurationIsVisible = 0;
			defaultConfigurationName = Release;
		};
		D0C9F78B2ADC0DD000C8E310 /* Build configuration list for PBXNativeTarget "deTests" */ = {
			isa = XCConfigurationList;
			buildConfigurations = (
				D0C9F78C2ADC0DD000C8E310 /* Debug */,
				D0C9F78D2ADC0DD000C8E310 /* Release */,
			);
			defaultConfigurationIsVisible = 0;
			defaultConfigurationName = Release;
		};
		D0C9F78E2ADC0DD000C8E310 /* Build configuration list for PBXNativeTarget "deUITests" */ = {
			isa = XCConfigurationList;
			buildConfigurations = (
				D0C9F78F2ADC0DD000C8E310 /* Debug */,
				D0C9F7902ADC0DD000C8E310 /* Release */,
			);
			defaultConfigurationIsVisible = 0;
			defaultConfigurationName = Release;
		};
/* End XCConfigurationList section */
	};
	rootObject = D0C9F75B2ADC0DCF00C8E310 /* Project object */;
}
